Microsoft Visual Studio Solution File, Format Version 11.00
# Visual Studio 2019

Project("{8BC9CEB8-8B4A-11D0-8D11-00A0C91BC942}") = "ModularVST - Standalone Plugin", "ModularVST_StandalonePlugin.vcxproj", "{772DF543-BA21-F69E-3779-C95AC7CDCF64}"
	ProjectSection(ProjectDependencies) = postProject
		{9BB884DB-8E3D-3BA0-83B6-FE8BBF18EABC} = {9BB884DB-8E3D-3BA0-83B6-FE8BBF18EABC}
	EndProjectSection
EndProject
Project("{8BC9CEB8-8B4A-11D0-8D11-00A0C91BC942}") = "ModularVST - Unity Plugin", "ModularVST_UnityPlugin.vcxproj", "{60ED272F-7F76-4158-6845-A22A96893998}"
	ProjectSection(ProjectDependencies) = postProject
		{9BB884DB-8E3D-3BA0-83B6-FE8BBF18EABC} = {9BB884DB-8E3D-3BA0-83B6-FE8BBF18EABC}
	EndProjectSection
EndProject
Project("{8BC9CEB8-8B4A-11D0-8D11-00A0C91BC942}") = "ModularVST - Shared Code", "ModularVST_SharedCode.vcxproj", "{9BB884DB-8E3D-3BA0-83B6-FE8BBF18EABC}"
EndProject
Global
	GlobalSection(SolutionConfigurationPlatforms) = preSolution
		Debug|x64 = Debug|x64
		Release|x64 = Release|x64
	EndGlobalSection
	GlobalSection(ProjectConfigurationPlatforms) = postSolution
		{772DF543-BA21-F69E-3779-C95AC7CDCF64}.Debug|x64.ActiveCfg = Debug|x64
		{772DF543-BA21-F69E-3779-C95AC7CDCF64}.Debug|x64.Build.0 = Debug|x64
		{772DF543-BA21-F69E-3779-C95AC7CDCF64}.Release|x64.ActiveCfg = Release|x64
		{772DF543-BA21-F69E-3779-C95AC7CDCF64}.Release|x64.Build.0 = Release|x64
		{60ED272F-7F76-4158-6845-A22A96893998}.Debug|x64.ActiveCfg = Debug|x64
		{60ED272F-7F76-4158-6845-A22A96893998}.Debug|x64.Build.0 = Debug|x64
		{60ED272F-7F76-4158-6845-A22A96893998}.Release|x64.ActiveCfg = Release|x64
		{60ED272F-7F76-4158-6845-A22A96893998}.Release|x64.Build.0 = Release|x64
		{9BB884DB-8E3D-3BA0-83B6-FE8BBF18EABC}.Debug|x64.ActiveCfg = Debug|x64
		{9BB884DB-8E3D-3BA0-83B6-FE8BBF18EABC}.Debug|x64.Build.0 = Debug|x64
		{9BB884DB-8E3D-3BA0-83B6-FE8BBF18EABC}.Release|x64.ActiveCfg = Release|x64
		{9BB884DB-8E3D-3BA0-83B6-FE8BBF18EABC}.Release|x64.Build.0 = Release|x64
	EndGlobalSection
	GlobalSection(SolutionProperties) = preSolution
		HideSolutionNode = FALSE
	EndGlobalSection
EndGlobal
