// !$*UTF8*$!
{
	archiveVersion = 1;
	classes = {
	};
	objectVersion = 46;
	objects = {

/* Begin PBXAggregateTarget section */
		5CD233EE946C02BE69798283 /* ModularVST - All */ = {
			isa = PBXAggregateTarget;
			buildConfigurationList = C626994B65881CFD62737515;
			buildPhases = (
			);
			dependencies = (
				FB7EA7CE967F18DC24C65A7F,
				60435380314BA2F9F13207C9,
				00BA24909E2F2EF19D0AFA75,
				017EDF6BBD25FB5C520070E2,
			);
			name = "ModularVST - All";
			productName = ModularVST;
		};
/* End PBXAggregateTarget section */

/* Begin PBXBuildFile section */
		0714772DD79E20325D9147C2 /* AudioUnit.framework */ = {isa = PBXBuildFile; fileRef = 254468C197788A8AD03507A4; };
		10869DD631B2913CCA5B62D6 /* RecentFilesMenuTemplate.nib */ = {isa = PBXBuildFile; fileRef = 2E3EA6D2208F64C14AD08CA4; };
		14D22B5D1930D5835E85F13D /* include_juce_audio_processors.mm */ = {isa = PBXBuildFile; fileRef = F2B42C57BAE9AD7238FBF26E; };
		168A3F4ED35C4DCC546F12B6 /* include_juce_core.mm */ = {isa = PBXBuildFile; fileRef = 4E525B9FEED55FD0E4567D7A; };
		1894B53763EC630309FE4D19 /* include_juce_audio_plugin_client_AU_2.mm */ = {isa = PBXBuildFile; fileRef = C0B399C337177BE84A79272E; };
		1EF510F5759F2A72C9E002E6 /* audioplugin_ModularVST_UnityScript.cs */ = {isa = PBXBuildFile; fileRef = 3E7A713EBE499C1142A73E7E; };
		20D138379DCEA03902111C64 /* WebKit.framework */ = {isa = PBXBuildFile; fileRef = 0905A064FBC49DFE8986711C; };
		2B89ACA95A21AA61515B240B /* IOKit.framework */ = {isa = PBXBuildFile; fileRef = 223EBFF153C72CEED790DEBF; };
		2F157A40A3C671C49A02FC2D /* StiffString.cpp */ = {isa = PBXBuildFile; fileRef = 153F64949D65E5A13EAB4981; };
		333BC79ACDE21047429F9117 /* Standalone Plugin */ = {isa = PBXBuildFile; fileRef = 072FF032A5B38F5353FD1C3A; };
		36215AB622980101E266FDD9 /* AddModuleWindow.cpp */ = {isa = PBXBuildFile; fileRef = CA290567B4A25067C37C81D6; };
		3902C9D689EA58CA8D005D7D /* DiscRecording.framework */ = {isa = PBXBuildFile; fileRef = 2CA80228A8C6B11D698F30D6; };
		44EDC63095116F4E2CCB0088 /* include_juce_audio_devices.mm */ = {isa = PBXBuildFile; fileRef = 7A5E730848412EBC36630E81; };
		4D2248D8CD55C32E7ADB9720 /* ControlPanel.cpp */ = {isa = PBXBuildFile; fileRef = 5F977C017C11569B70A8C068; };
		5DCA3B3368EC7DA9D4437367 /* include_juce_audio_basics.mm */ = {isa = PBXBuildFile; fileRef = B376AA134EA1C322C94845B7; };
		677A0F0EEC3CE68660A2B443 /* include_juce_audio_utils.mm */ = {isa = PBXBuildFile; fileRef = 2B9045F14BC84F3A65C08FC2; };
		6968B67372AFFB2B584B293E /* PluginProcessor.cpp */ = {isa = PBXBuildFile; fileRef = 5C75A2A3AB8CB509706E22CB; };
		6EE499C1D5FF958E67182C83 /* include_juce_gui_extra.mm */ = {isa = PBXBuildFile; fileRef = 797A432176B562E8C4977371; };
		714E23EF8EE28E5AE70B2006 /* QuartzCore.framework */ = {isa = PBXBuildFile; fileRef = 79720F5C54520E82D0D7CD1B; };
		81207CE18878E1B9929C701C /* include_juce_events.mm */ = {isa = PBXBuildFile; fileRef = 7E9A544B75D2C897E969D17B; };
		85D7A6501713B6DA20BBF2BE /* include_juce_graphics.mm */ = {isa = PBXBuildFile; fileRef = 3395BAC517F5F3E0FE9405FA; };
		938C75082A623DAA74236DB6 /* Foundation.framework */ = {isa = PBXBuildFile; fileRef = 8081FFE7DF16ECD2447F558E; };
		9C409B15AF351944DECECDCC /* PluginEditor.cpp */ = {isa = PBXBuildFile; fileRef = CDA91B382A58719C9690965F; };
		9F9D1885590D0346ECF2AF06 /* Unity Plugin */ = {isa = PBXBuildFile; fileRef = 28BF305F6B030D5D677A3AD2; };
		A49ED39B63C0486AF8B38220 /* include_juce_data_structures.mm */ = {isa = PBXBuildFile; fileRef = BB4FD7FC297F510508DC7B5E; };
		B64F88AFBDF9B808B89DFF7A /* include_juce_audio_plugin_client_AU_1.mm */ = {isa = PBXBuildFile; fileRef = 5C8A29896789083333C1F97D; };
		BBA645605DD0C87A717EB670 /* CoreAudioKit.framework */ = {isa = PBXBuildFile; fileRef = 93F2E024444610FE20B7E21B; };
		BBF5DB7A678EEA9E95D76A3E /* Accelerate.framework */ = {isa = PBXBuildFile; fileRef = 04A2B0CC638EE4378DF7BBC6; };
		BD01BF6ABE45F3208BC49526 /* include_juce_gui_basics.mm */ = {isa = PBXBuildFile; fileRef = 356EF9EB2469AB02E3559564; };
		C258EDEE931E14E9264DDACD /* Bar.cpp */ = {isa = PBXBuildFile; fileRef = C31870928FA36F7161DA715B; };
		C2E3455C10B1F0BBBFB8FED4 /* include_juce_audio_plugin_client_Unity.cpp */ = {isa = PBXBuildFile; fileRef = 99027BA1BC08C69DBEA488C4; };
		C6DC564ECB883F99AB7D69CC /* AudioToolbox.framework */ = {isa = PBXBuildFile; fileRef = BE3F093E6113B11C0F82C09F; };
		C7BA80A4EC615E2259CA8BA8 /* include_juce_audio_plugin_client_VST_utils.mm */ = {isa = PBXBuildFile; fileRef = 6270E9200C38A81E50C1A7BA; };
		CADDBDE0B2226D27622B30A6 /* CoreMIDI.framework */ = {isa = PBXBuildFile; fileRef = 7F8F5C894703C896AED73AF6; };
		CBB452F99ADF8694843EC45F /* include_juce_audio_plugin_client_AU.r */ = {isa = PBXBuildFile; fileRef = 46AFCA2A0AE6C220C0FC579C; };
		CCC8EBFA452697D241249A19 /* include_juce_audio_formats.mm */ = {isa = PBXBuildFile; fileRef = 2FC45A9FB55F1B8D707F3CFE; };
		CDC71CEC4B12CAEDE65AC48B /* Carbon.framework */ = {isa = PBXBuildFile; fileRef = 0C7CF6D3B302B655C9E6AD45; };
		DB25D47434C20225D3D6B374 /* AU */ = {isa = PBXBuildFile; fileRef = 71E187B92098C12D60479151; };
		DE0B3BDA15473F3694EE2792 /* include_juce_audio_plugin_client_Standalone.cpp */ = {isa = PBXBuildFile; fileRef = B4A1CF6FF7F4C64E5B81381B; };
		E4D66495AACDA45536E8C903 /* Shared Code */ = {isa = PBXBuildFile; fileRef = 03E5DD2F700AA1EA5FBD4E45; };
		E98C8943CB499DB20391D80E /* ResonatorModule.cpp */ = {isa = PBXBuildFile; fileRef = B6C25FEAB058EEF6A4C1CDE6; };
		EBF44486CF7A63789FCF7C37 /* Cocoa.framework */ = {isa = PBXBuildFile; fileRef = A4936579393B6D2E15C2E5C2; };
		EDA6388480EB7C6C277DD218 /* CoreAudio.framework */ = {isa = PBXBuildFile; fileRef = EAAAEDC17C8B4A9381540BB2; };
		F26F4A580ED1360EB99AE7B5 /* CoefficientList.cpp */ = {isa = PBXBuildFile; fileRef = 503C7B3D08F2927CDCB1A470; };
		FE072AC6649F1032541EA4EC /* include_juce_audio_plugin_client_utils.cpp */ = {isa = PBXBuildFile; fileRef = F9F04FC8BB610350A4AF3502; };
		FE82ECECB7FC7FF0DB808873 /* Instrument.cpp */ = {isa = PBXBuildFile; fileRef = 7B91087310B559BF674FFAD4; };
/* End PBXBuildFile section */

/* Begin PBXCopyFilesBuildPhase section */
		C836CBC9CA72FB973143062F /* Embed Unity Script */ = {
			isa = PBXCopyFilesBuildPhase;
			buildActionMask = 2147483647;
			files = (
				1EF510F5759F2A72C9E002E6,
			);
			name = "Embed Unity Script";
			runOnlyForDeploymentPostprocessing = 0;
			dstPath = "";
			dstSubfolderSpec = 7;
		};
/* End PBXCopyFilesBuildPhase section */

/* Begin PBXFileReference section */
		03E5DD2F700AA1EA5FBD4E45 /* Shared Code */ = {isa = PBXFileReference; explicitFileType = archive.ar; includeInIndex = 0; path = libModularVST.a; sourceTree = BUILT_PRODUCTS_DIR; };
		04A2B0CC638EE4378DF7BBC6 /* Accelerate.framework */ /* Accelerate.framework */ = {isa = PBXFileReference; lastKnownFileType = wrapper.framework; name = Accelerate.framework; path = System/Library/Frameworks/Accelerate.framework; sourceTree = SDKROOT; };
		04A368FE4CEBCA8C667D6AEE /* juce_audio_processors */ /* juce_audio_processors */ = {isa = PBXFileReference; lastKnownFileType = folder; name = juce_audio_processors; path = /Users/SilvinW/repositories/newJUCE/JUCE/modules/juce_audio_processors; sourceTree = "<absolute>"; };
		072FF032A5B38F5353FD1C3A /* Standalone Plugin */ = {isa = PBXFileReference; explicitFileType = wrapper.application; includeInIndex = 0; path = ModularVST.app; sourceTree = BUILT_PRODUCTS_DIR; };
		0905A064FBC49DFE8986711C /* WebKit.framework */ /* WebKit.framework */ = {isa = PBXFileReference; lastKnownFileType = wrapper.framework; name = WebKit.framework; path = System/Library/Frameworks/WebKit.framework; sourceTree = SDKROOT; };
		0BA8296E3739B9CA0704DCF8 /* Global.h */ /* Global.h */ = {isa = PBXFileReference; lastKnownFileType = sourcecode.c.h; name = Global.h; path = ../../Source/Global.h; sourceTree = SOURCE_ROOT; };
		0C0FC0A14BC652566AB600C6 /* JuceHeader.h */ /* JuceHeader.h */ = {isa = PBXFileReference; lastKnownFileType = sourcecode.c.h; name = JuceHeader.h; path = ../../JuceLibraryCode/JuceHeader.h; sourceTree = SOURCE_ROOT; };
		0C7CF6D3B302B655C9E6AD45 /* Carbon.framework */ /* Carbon.framework */ = {isa = PBXFileReference; lastKnownFileType = wrapper.framework; name = Carbon.framework; path = System/Library/Frameworks/Carbon.framework; sourceTree = SDKROOT; };
		153F64949D65E5A13EAB4981 /* StiffString.cpp */ /* StiffString.cpp */ = {isa = PBXFileReference; lastKnownFileType = sourcecode.cpp.cpp; name = StiffString.cpp; path = ../../Source/StiffString.cpp; sourceTree = SOURCE_ROOT; };
		16ED060DE83154F68605B883 /* ResonatorModule.h */ /* ResonatorModule.h */ = {isa = PBXFileReference; lastKnownFileType = sourcecode.c.h; name = ResonatorModule.h; path = ../../Source/ResonatorModule.h; sourceTree = SOURCE_ROOT; };
		1A977A5BFDF9E4C21850EEF6 /* juce_audio_plugin_client */ /* juce_audio_plugin_client */ = {isa = PBXFileReference; lastKnownFileType = folder; name = juce_audio_plugin_client; path = /Users/SilvinW/repositories/newJUCE/JUCE/modules/juce_audio_plugin_client; sourceTree = "<absolute>"; };
		223EBFF153C72CEED790DEBF /* IOKit.framework */ /* IOKit.framework */ = {isa = PBXFileReference; lastKnownFileType = wrapper.framework; name = IOKit.framework; path = System/Library/Frameworks/IOKit.framework; sourceTree = SDKROOT; };
		254468C197788A8AD03507A4 /* AudioUnit.framework */ /* AudioUnit.framework */ = {isa = PBXFileReference; lastKnownFileType = wrapper.framework; name = AudioUnit.framework; path = System/Library/Frameworks/AudioUnit.framework; sourceTree = SDKROOT; };
		28BF305F6B030D5D677A3AD2 /* Unity Plugin */ = {isa = PBXFileReference; explicitFileType = wrapper.cfbundle; includeInIndex = 0; path = audioplugin_ModularVST.bundle; sourceTree = BUILT_PRODUCTS_DIR; };
		2B9045F14BC84F3A65C08FC2 /* include_juce_audio_utils.mm */ /* include_juce_audio_utils.mm */ = {isa = PBXFileReference; lastKnownFileType = sourcecode.cpp.objcpp; name = include_juce_audio_utils.mm; path = ../../JuceLibraryCode/include_juce_audio_utils.mm; sourceTree = SOURCE_ROOT; };
		2CA80228A8C6B11D698F30D6 /* DiscRecording.framework */ /* DiscRecording.framework */ = {isa = PBXFileReference; lastKnownFileType = wrapper.framework; name = DiscRecording.framework; path = System/Library/Frameworks/DiscRecording.framework; sourceTree = SDKROOT; };
		2E3EA6D2208F64C14AD08CA4 /* RecentFilesMenuTemplate.nib */ /* RecentFilesMenuTemplate.nib */ = {isa = PBXFileReference; lastKnownFileType = file.nib; name = RecentFilesMenuTemplate.nib; path = RecentFilesMenuTemplate.nib; sourceTree = SOURCE_ROOT; };
		2FC45A9FB55F1B8D707F3CFE /* include_juce_audio_formats.mm */ /* include_juce_audio_formats.mm */ = {isa = PBXFileReference; lastKnownFileType = sourcecode.cpp.objcpp; name = include_juce_audio_formats.mm; path = ../../JuceLibraryCode/include_juce_audio_formats.mm; sourceTree = SOURCE_ROOT; };
		3395BAC517F5F3E0FE9405FA /* include_juce_graphics.mm */ /* include_juce_graphics.mm */ = {isa = PBXFileReference; lastKnownFileType = sourcecode.cpp.objcpp; name = include_juce_graphics.mm; path = ../../JuceLibraryCode/include_juce_graphics.mm; sourceTree = SOURCE_ROOT; };
		34445C2F8424F91450765670 /* Info-AU.plist */ /* Info-AU.plist */ = {isa = PBXFileReference; lastKnownFileType = text.plist.xml; name = "Info-AU.plist"; path = "Info-AU.plist"; sourceTree = SOURCE_ROOT; };
		356EF9EB2469AB02E3559564 /* include_juce_gui_basics.mm */ /* include_juce_gui_basics.mm */ = {isa = PBXFileReference; lastKnownFileType = sourcecode.cpp.objcpp; name = include_juce_gui_basics.mm; path = ../../JuceLibraryCode/include_juce_gui_basics.mm; sourceTree = SOURCE_ROOT; };
		380171A3E4B25F29BC2A5E8F /* juce_audio_devices */ /* juce_audio_devices */ = {isa = PBXFileReference; lastKnownFileType = folder; name = juce_audio_devices; path = /Users/SilvinW/repositories/newJUCE/JUCE/modules/juce_audio_devices; sourceTree = "<absolute>"; };
		3CB95D4DDEE09CCA5B1ED141 /* juce_gui_extra */ /* juce_gui_extra */ = {isa = PBXFileReference; lastKnownFileType = folder; name = juce_gui_extra; path = /Users/SilvinW/repositories/newJUCE/JUCE/modules/juce_gui_extra; sourceTree = "<absolute>"; };
		3D86363306E0188778804731 /* juce_graphics */ /* juce_graphics */ = {isa = PBXFileReference; lastKnownFileType = folder; name = juce_graphics; path = /Users/SilvinW/repositories/newJUCE/JUCE/modules/juce_graphics; sourceTree = "<absolute>"; };
		3E7A713EBE499C1142A73E7E /* audioplugin_ModularVST_UnityScript.cs */ /* audioplugin_ModularVST_UnityScript.cs */ = {isa = PBXFileReference; lastKnownFileType = file.cs; name = audioplugin_ModularVST_UnityScript.cs; path = ../../JuceLibraryCode/audioplugin_ModularVST_UnityScript.cs; sourceTree = SOURCE_ROOT; };
		44875C24EA718AFBD016AA63 /* PluginProcessor.h */ /* PluginProcessor.h */ = {isa = PBXFileReference; lastKnownFileType = sourcecode.c.h; name = PluginProcessor.h; path = ../../Source/PluginProcessor.h; sourceTree = SOURCE_ROOT; };
		46AFCA2A0AE6C220C0FC579C /* include_juce_audio_plugin_client_AU.r */ /* include_juce_audio_plugin_client_AU.r */ = {isa = PBXFileReference; lastKnownFileType = file.r; name = include_juce_audio_plugin_client_AU.r; path = ../../JuceLibraryCode/include_juce_audio_plugin_client_AU.r; sourceTree = SOURCE_ROOT; };
		4E525B9FEED55FD0E4567D7A /* include_juce_core.mm */ /* include_juce_core.mm */ = {isa = PBXFileReference; lastKnownFileType = sourcecode.cpp.objcpp; name = include_juce_core.mm; path = ../../JuceLibraryCode/include_juce_core.mm; sourceTree = SOURCE_ROOT; };
		503C7B3D08F2927CDCB1A470 /* CoefficientList.cpp */ /* CoefficientList.cpp */ = {isa = PBXFileReference; lastKnownFileType = sourcecode.cpp.cpp; name = CoefficientList.cpp; path = ../../Source/CoefficientList.cpp; sourceTree = SOURCE_ROOT; };
		5C75A2A3AB8CB509706E22CB /* PluginProcessor.cpp */ /* PluginProcessor.cpp */ = {isa = PBXFileReference; lastKnownFileType = sourcecode.cpp.cpp; name = PluginProcessor.cpp; path = ../../Source/PluginProcessor.cpp; sourceTree = SOURCE_ROOT; };
		5C8A29896789083333C1F97D /* include_juce_audio_plugin_client_AU_1.mm */ /* include_juce_audio_plugin_client_AU_1.mm */ = {isa = PBXFileReference; lastKnownFileType = sourcecode.cpp.objcpp; name = include_juce_audio_plugin_client_AU_1.mm; path = ../../JuceLibraryCode/include_juce_audio_plugin_client_AU_1.mm; sourceTree = SOURCE_ROOT; };
		5F977C017C11569B70A8C068 /* ControlPanel.cpp */ /* ControlPanel.cpp */ = {isa = PBXFileReference; lastKnownFileType = sourcecode.cpp.cpp; name = ControlPanel.cpp; path = ../../Source/ControlPanel.cpp; sourceTree = SOURCE_ROOT; };
		6270E9200C38A81E50C1A7BA /* include_juce_audio_plugin_client_VST_utils.mm */ /* include_juce_audio_plugin_client_VST_utils.mm */ = {isa = PBXFileReference; lastKnownFileType = sourcecode.cpp.objcpp; name = include_juce_audio_plugin_client_VST_utils.mm; path = ../../JuceLibraryCode/include_juce_audio_plugin_client_VST_utils.mm; sourceTree = SOURCE_ROOT; };
		642A6B6D3707AF943DD653E4 /* juce_gui_basics */ /* juce_gui_basics */ = {isa = PBXFileReference; lastKnownFileType = folder; name = juce_gui_basics; path = /Users/SilvinW/repositories/newJUCE/JUCE/modules/juce_gui_basics; sourceTree = "<absolute>"; };
		6751F901F24EEA440CA1122E /* juce_audio_utils */ /* juce_audio_utils */ = {isa = PBXFileReference; lastKnownFileType = folder; name = juce_audio_utils; path = /Users/SilvinW/repositories/newJUCE/JUCE/modules/juce_audio_utils; sourceTree = "<absolute>"; };
		67A7A6789D7C7658827E6A60 /* juce_data_structures */ /* juce_data_structures */ = {isa = PBXFileReference; lastKnownFileType = folder; name = juce_data_structures; path = /Users/SilvinW/repositories/newJUCE/JUCE/modules/juce_data_structures; sourceTree = "<absolute>"; };
		68080728CA6183353CEE6F55 /* ControlPanel.h */ /* ControlPanel.h */ = {isa = PBXFileReference; lastKnownFileType = sourcecode.c.h; name = ControlPanel.h; path = ../../Source/ControlPanel.h; sourceTree = SOURCE_ROOT; };
		71E187B92098C12D60479151 /* AU */ = {isa = PBXFileReference; explicitFileType = wrapper.cfbundle; includeInIndex = 0; path = ModularVST.component; sourceTree = BUILT_PRODUCTS_DIR; };
		72DF0028BE87B966EAAE883B /* Info-Standalone_Plugin.plist */ /* Info-Standalone_Plugin.plist */ = {isa = PBXFileReference; lastKnownFileType = text.plist.xml; name = "Info-Standalone_Plugin.plist"; path = "Info-Standalone_Plugin.plist"; sourceTree = SOURCE_ROOT; };
		79720F5C54520E82D0D7CD1B /* QuartzCore.framework */ /* QuartzCore.framework */ = {isa = PBXFileReference; lastKnownFileType = wrapper.framework; name = QuartzCore.framework; path = System/Library/Frameworks/QuartzCore.framework; sourceTree = SDKROOT; };
		797A432176B562E8C4977371 /* include_juce_gui_extra.mm */ /* include_juce_gui_extra.mm */ = {isa = PBXFileReference; lastKnownFileType = sourcecode.cpp.objcpp; name = include_juce_gui_extra.mm; path = ../../JuceLibraryCode/include_juce_gui_extra.mm; sourceTree = SOURCE_ROOT; };
		7A5E730848412EBC36630E81 /* include_juce_audio_devices.mm */ /* include_juce_audio_devices.mm */ = {isa = PBXFileReference; lastKnownFileType = sourcecode.cpp.objcpp; name = include_juce_audio_devices.mm; path = ../../JuceLibraryCode/include_juce_audio_devices.mm; sourceTree = SOURCE_ROOT; };
		7B91087310B559BF674FFAD4 /* Instrument.cpp */ /* Instrument.cpp */ = {isa = PBXFileReference; lastKnownFileType = sourcecode.cpp.cpp; name = Instrument.cpp; path = ../../Source/Instrument.cpp; sourceTree = SOURCE_ROOT; };
		7E9A544B75D2C897E969D17B /* include_juce_events.mm */ /* include_juce_events.mm */ = {isa = PBXFileReference; lastKnownFileType = sourcecode.cpp.objcpp; name = include_juce_events.mm; path = ../../JuceLibraryCode/include_juce_events.mm; sourceTree = SOURCE_ROOT; };
		7F8F5C894703C896AED73AF6 /* CoreMIDI.framework */ /* CoreMIDI.framework */ = {isa = PBXFileReference; lastKnownFileType = wrapper.framework; name = CoreMIDI.framework; path = System/Library/Frameworks/CoreMIDI.framework; sourceTree = SDKROOT; };
		8081FFE7DF16ECD2447F558E /* Foundation.framework */ /* Foundation.framework */ = {isa = PBXFileReference; lastKnownFileType = wrapper.framework; name = Foundation.framework; path = System/Library/Frameworks/Foundation.framework; sourceTree = SDKROOT; };
		85902FBBC50C2AB96DAF5614 /* juce_audio_formats */ /* juce_audio_formats */ = {isa = PBXFileReference; lastKnownFileType = folder; name = juce_audio_formats; path = /Users/SilvinW/repositories/newJUCE/JUCE/modules/juce_audio_formats; sourceTree = "<absolute>"; };
		86F8F1638D5243AEED660009 /* Bar.h */ /* Bar.h */ = {isa = PBXFileReference; lastKnownFileType = sourcecode.c.h; name = Bar.h; path = ../../Source/Bar.h; sourceTree = SOURCE_ROOT; };
		93F2E024444610FE20B7E21B /* CoreAudioKit.framework */ /* CoreAudioKit.framework */ = {isa = PBXFileReference; lastKnownFileType = wrapper.framework; name = CoreAudioKit.framework; path = System/Library/Frameworks/CoreAudioKit.framework; sourceTree = SDKROOT; };
		99027BA1BC08C69DBEA488C4 /* include_juce_audio_plugin_client_Unity.cpp */ /* include_juce_audio_plugin_client_Unity.cpp */ = {isa = PBXFileReference; lastKnownFileType = sourcecode.cpp.cpp; name = include_juce_audio_plugin_client_Unity.cpp; path = ../../JuceLibraryCode/include_juce_audio_plugin_client_Unity.cpp; sourceTree = SOURCE_ROOT; };
		9EE7F1A79745DC601CEFDD44 /* AddModuleWindow.h */ /* AddModuleWindow.h */ = {isa = PBXFileReference; lastKnownFileType = sourcecode.c.h; name = AddModuleWindow.h; path = ../../Source/AddModuleWindow.h; sourceTree = SOURCE_ROOT; };
		A4936579393B6D2E15C2E5C2 /* Cocoa.framework */ /* Cocoa.framework */ = {isa = PBXFileReference; lastKnownFileType = wrapper.framework; name = Cocoa.framework; path = System/Library/Frameworks/Cocoa.framework; sourceTree = SDKROOT; };
		ACD4E89114DB1B4EBB5164E2 /* juce_events */ /* juce_events */ = {isa = PBXFileReference; lastKnownFileType = folder; name = juce_events; path = /Users/SilvinW/repositories/newJUCE/JUCE/modules/juce_events; sourceTree = "<absolute>"; };
		AF890647119563A1BD9D5835 /* StiffString.h */ /* StiffString.h */ = {isa = PBXFileReference; lastKnownFileType = sourcecode.c.h; name = StiffString.h; path = ../../Source/StiffString.h; sourceTree = SOURCE_ROOT; };
		B376AA134EA1C322C94845B7 /* include_juce_audio_basics.mm */ /* include_juce_audio_basics.mm */ = {isa = PBXFileReference; lastKnownFileType = sourcecode.cpp.objcpp; name = include_juce_audio_basics.mm; path = ../../JuceLibraryCode/include_juce_audio_basics.mm; sourceTree = SOURCE_ROOT; };
		B4A1CF6FF7F4C64E5B81381B /* include_juce_audio_plugin_client_Standalone.cpp */ /* include_juce_audio_plugin_client_Standalone.cpp */ = {isa = PBXFileReference; lastKnownFileType = sourcecode.cpp.cpp; name = include_juce_audio_plugin_client_Standalone.cpp; path = ../../JuceLibraryCode/include_juce_audio_plugin_client_Standalone.cpp; sourceTree = SOURCE_ROOT; };
		B677CBD71ACFB02E22957BA8 /* JucePluginDefines.h */ /* JucePluginDefines.h */ = {isa = PBXFileReference; lastKnownFileType = sourcecode.c.h; name = JucePluginDefines.h; path = ../../JuceLibraryCode/JucePluginDefines.h; sourceTree = SOURCE_ROOT; };
		B6C25FEAB058EEF6A4C1CDE6 /* ResonatorModule.cpp */ /* ResonatorModule.cpp */ = {isa = PBXFileReference; lastKnownFileType = sourcecode.cpp.cpp; name = ResonatorModule.cpp; path = ../../Source/ResonatorModule.cpp; sourceTree = SOURCE_ROOT; };
		BAFA49BAD22092ABE45D29FE /* Info-Unity_Plugin.plist */ /* Info-Unity_Plugin.plist */ = {isa = PBXFileReference; lastKnownFileType = text.plist.xml; name = "Info-Unity_Plugin.plist"; path = "Info-Unity_Plugin.plist"; sourceTree = SOURCE_ROOT; };
		BB4FD7FC297F510508DC7B5E /* include_juce_data_structures.mm */ /* include_juce_data_structures.mm */ = {isa = PBXFileReference; lastKnownFileType = sourcecode.cpp.objcpp; name = include_juce_data_structures.mm; path = ../../JuceLibraryCode/include_juce_data_structures.mm; sourceTree = SOURCE_ROOT; };
		BE3F093E6113B11C0F82C09F /* AudioToolbox.framework */ /* AudioToolbox.framework */ = {isa = PBXFileReference; lastKnownFileType = wrapper.framework; name = AudioToolbox.framework; path = System/Library/Frameworks/AudioToolbox.framework; sourceTree = SDKROOT; };
		C0B399C337177BE84A79272E /* include_juce_audio_plugin_client_AU_2.mm */ /* include_juce_audio_plugin_client_AU_2.mm */ = {isa = PBXFileReference; lastKnownFileType = sourcecode.cpp.objcpp; name = include_juce_audio_plugin_client_AU_2.mm; path = ../../JuceLibraryCode/include_juce_audio_plugin_client_AU_2.mm; sourceTree = SOURCE_ROOT; };
		C31870928FA36F7161DA715B /* Bar.cpp */ /* Bar.cpp */ = {isa = PBXFileReference; lastKnownFileType = sourcecode.cpp.cpp; name = Bar.cpp; path = ../../Source/Bar.cpp; sourceTree = SOURCE_ROOT; };
		CA290567B4A25067C37C81D6 /* AddModuleWindow.cpp */ /* AddModuleWindow.cpp */ = {isa = PBXFileReference; lastKnownFileType = sourcecode.cpp.cpp; name = AddModuleWindow.cpp; path = ../../Source/AddModuleWindow.cpp; sourceTree = SOURCE_ROOT; };
		CDA91B382A58719C9690965F /* PluginEditor.cpp */ /* PluginEditor.cpp */ = {isa = PBXFileReference; lastKnownFileType = sourcecode.cpp.cpp; name = PluginEditor.cpp; path = ../../Source/PluginEditor.cpp; sourceTree = SOURCE_ROOT; };
		CE9FCB83474F206C3792767F /* juce_audio_basics */ /* juce_audio_basics */ = {isa = PBXFileReference; lastKnownFileType = folder; name = juce_audio_basics; path = /Users/SilvinW/repositories/newJUCE/JUCE/modules/juce_audio_basics; sourceTree = "<absolute>"; };
		DCFC245FDB410FFEFC8BCCA7 /* CoefficientList.h */ /* CoefficientList.h */ = {isa = PBXFileReference; lastKnownFileType = sourcecode.c.h; name = CoefficientList.h; path = ../../Source/CoefficientList.h; sourceTree = SOURCE_ROOT; };
		E87C0EEC9490CF2C44567BED /* juce_core */ /* juce_core */ = {isa = PBXFileReference; lastKnownFileType = folder; name = juce_core; path = /Users/SilvinW/repositories/newJUCE/JUCE/modules/juce_core; sourceTree = "<absolute>"; };
		EAAAEDC17C8B4A9381540BB2 /* CoreAudio.framework */ /* CoreAudio.framework */ = {isa = PBXFileReference; lastKnownFileType = wrapper.framework; name = CoreAudio.framework; path = System/Library/Frameworks/CoreAudio.framework; sourceTree = SDKROOT; };
		F2B42C57BAE9AD7238FBF26E /* include_juce_audio_processors.mm */ /* include_juce_audio_processors.mm */ = {isa = PBXFileReference; lastKnownFileType = sourcecode.cpp.objcpp; name = include_juce_audio_processors.mm; path = ../../JuceLibraryCode/include_juce_audio_processors.mm; sourceTree = SOURCE_ROOT; };
		F74202C3C8F2AEF2CE2E7989 /* PluginEditor.h */ /* PluginEditor.h */ = {isa = PBXFileReference; lastKnownFileType = sourcecode.c.h; name = PluginEditor.h; path = ../../Source/PluginEditor.h; sourceTree = SOURCE_ROOT; };
		F9F04FC8BB610350A4AF3502 /* include_juce_audio_plugin_client_utils.cpp */ /* include_juce_audio_plugin_client_utils.cpp */ = {isa = PBXFileReference; lastKnownFileType = sourcecode.cpp.cpp; name = include_juce_audio_plugin_client_utils.cpp; path = ../../JuceLibraryCode/include_juce_audio_plugin_client_utils.cpp; sourceTree = SOURCE_ROOT; };
		FFA57CDDB42C5A1F91D20D74 /* Instrument.h */ /* Instrument.h */ = {isa = PBXFileReference; lastKnownFileType = sourcecode.c.h; name = Instrument.h; path = ../../Source/Instrument.h; sourceTree = SOURCE_ROOT; };
/* End PBXFileReference section */

/* Begin PBXFrameworksBuildPhase section */
		4CD768C8D9626D4D6876E082 = {
			isa = PBXFrameworksBuildPhase;
			buildActionMask = 2147483647;
			files = (
				0714772DD79E20325D9147C2,
				BBF5DB7A678EEA9E95D76A3E,
				C6DC564ECB883F99AB7D69CC,
				CDC71CEC4B12CAEDE65AC48B,
				EBF44486CF7A63789FCF7C37,
				EDA6388480EB7C6C277DD218,
				BBA645605DD0C87A717EB670,
				CADDBDE0B2226D27622B30A6,
				3902C9D689EA58CA8D005D7D,
				938C75082A623DAA74236DB6,
				2B89ACA95A21AA61515B240B,
				714E23EF8EE28E5AE70B2006,
				20D138379DCEA03902111C64,
			);
			runOnlyForDeploymentPostprocessing = 0;
		};
		5400090D0C6594BA9385A24A = {
			isa = PBXFrameworksBuildPhase;
			buildActionMask = 2147483647;
			files = (
				BBF5DB7A678EEA9E95D76A3E,
				C6DC564ECB883F99AB7D69CC,
				CDC71CEC4B12CAEDE65AC48B,
				EBF44486CF7A63789FCF7C37,
				EDA6388480EB7C6C277DD218,
				BBA645605DD0C87A717EB670,
				CADDBDE0B2226D27622B30A6,
				3902C9D689EA58CA8D005D7D,
				938C75082A623DAA74236DB6,
				2B89ACA95A21AA61515B240B,
				714E23EF8EE28E5AE70B2006,
				20D138379DCEA03902111C64,
			);
			runOnlyForDeploymentPostprocessing = 0;
		};
		B6084302CCA2F04E390932DA = {
			isa = PBXFrameworksBuildPhase;
			buildActionMask = 2147483647;
			files = (
				BBF5DB7A678EEA9E95D76A3E,
				C6DC564ECB883F99AB7D69CC,
				CDC71CEC4B12CAEDE65AC48B,
				EBF44486CF7A63789FCF7C37,
				EDA6388480EB7C6C277DD218,
				BBA645605DD0C87A717EB670,
				CADDBDE0B2226D27622B30A6,
				3902C9D689EA58CA8D005D7D,
				938C75082A623DAA74236DB6,
				2B89ACA95A21AA61515B240B,
				714E23EF8EE28E5AE70B2006,
				20D138379DCEA03902111C64,
			);
			runOnlyForDeploymentPostprocessing = 0;
		};
/* End PBXFrameworksBuildPhase section */

/* Begin PBXGroup section */
		1FFDCCCB7A8DDF3596E6E800 /* ModularVST */ = {
			isa = PBXGroup;
			children = (
				E2D0F5EB5BB60051160C4229,
			);
			name = ModularVST;
			sourceTree = "<group>";
		};
		28D9F46A7B865FBF544DE1AA /* Resources */ = {
			isa = PBXGroup;
			children = (
				34445C2F8424F91450765670,
				72DF0028BE87B966EAAE883B,
				BAFA49BAD22092ABE45D29FE,
				2E3EA6D2208F64C14AD08CA4,
				3E7A713EBE499C1142A73E7E,
			);
			name = Resources;
			sourceTree = "<group>";
		};
		2EEC5F8DA447B712E63CF2A6 /* Products */ = {
			isa = PBXGroup;
			children = (
				71E187B92098C12D60479151,
				072FF032A5B38F5353FD1C3A,
				28BF305F6B030D5D677A3AD2,
				03E5DD2F700AA1EA5FBD4E45,
			);
			name = Products;
			sourceTree = "<group>";
		};
		42C81B67B9A1C02E0CFD11EC /* JUCE Library Code */ = {
			isa = PBXGroup;
			children = (
				B376AA134EA1C322C94845B7,
				7A5E730848412EBC36630E81,
				2FC45A9FB55F1B8D707F3CFE,
				46AFCA2A0AE6C220C0FC579C,
				5C8A29896789083333C1F97D,
				C0B399C337177BE84A79272E,
				B4A1CF6FF7F4C64E5B81381B,
				99027BA1BC08C69DBEA488C4,
				F9F04FC8BB610350A4AF3502,
				6270E9200C38A81E50C1A7BA,
				F2B42C57BAE9AD7238FBF26E,
				2B9045F14BC84F3A65C08FC2,
				4E525B9FEED55FD0E4567D7A,
				BB4FD7FC297F510508DC7B5E,
				7E9A544B75D2C897E969D17B,
				3395BAC517F5F3E0FE9405FA,
				356EF9EB2469AB02E3559564,
				797A432176B562E8C4977371,
				0C0FC0A14BC652566AB600C6,
				B677CBD71ACFB02E22957BA8,
			);
			name = "JUCE Library Code";
			sourceTree = "<group>";
		};
		43ED275E0B3789540FFB6B75 /* Frameworks */ = {
			isa = PBXGroup;
			children = (
				254468C197788A8AD03507A4,
				04A2B0CC638EE4378DF7BBC6,
				BE3F093E6113B11C0F82C09F,
				0C7CF6D3B302B655C9E6AD45,
				A4936579393B6D2E15C2E5C2,
				EAAAEDC17C8B4A9381540BB2,
				93F2E024444610FE20B7E21B,
				7F8F5C894703C896AED73AF6,
				2CA80228A8C6B11D698F30D6,
				8081FFE7DF16ECD2447F558E,
				223EBFF153C72CEED790DEBF,
				79720F5C54520E82D0D7CD1B,
				0905A064FBC49DFE8986711C,
			);
			name = Frameworks;
			sourceTree = "<group>";
		};
		826E522FD7423D7C5EBBAFB6 /* Source */ = {
			isa = PBXGroup;
			children = (
				1FFDCCCB7A8DDF3596E6E800,
				CF2A690A1BF8ED356731ECA5,
				42C81B67B9A1C02E0CFD11EC,
				28D9F46A7B865FBF544DE1AA,
				43ED275E0B3789540FFB6B75,
				2EEC5F8DA447B712E63CF2A6,
			);
			name = Source;
			sourceTree = "<group>";
		};
		CC3F3440414D2826A9864C29 /* ResonatorModules */ = {
			isa = PBXGroup;
			children = (
				C31870928FA36F7161DA715B,
				86F8F1638D5243AEED660009,
				153F64949D65E5A13EAB4981,
				AF890647119563A1BD9D5835,
				B6C25FEAB058EEF6A4C1CDE6,
				16ED060DE83154F68605B883,
			);
			name = ResonatorModules;
			sourceTree = "<group>";
		};
		CF2A690A1BF8ED356731ECA5 /* JUCE Modules */ = {
			isa = PBXGroup;
			children = (
				CE9FCB83474F206C3792767F,
				380171A3E4B25F29BC2A5E8F,
				85902FBBC50C2AB96DAF5614,
				1A977A5BFDF9E4C21850EEF6,
				04A368FE4CEBCA8C667D6AEE,
				6751F901F24EEA440CA1122E,
				E87C0EEC9490CF2C44567BED,
				67A7A6789D7C7658827E6A60,
				ACD4E89114DB1B4EBB5164E2,
				3D86363306E0188778804731,
				642A6B6D3707AF943DD653E4,
				3CB95D4DDEE09CCA5B1ED141,
			);
			name = "JUCE Modules";
			sourceTree = "<group>";
		};
		E2D0F5EB5BB60051160C4229 /* Source */ = {
			isa = PBXGroup;
			children = (
				0BA8296E3739B9CA0704DCF8,
				503C7B3D08F2927CDCB1A470,
				DCFC245FDB410FFEFC8BCCA7,
				CA290567B4A25067C37C81D6,
				9EE7F1A79745DC601CEFDD44,
				5F977C017C11569B70A8C068,
				68080728CA6183353CEE6F55,
				CC3F3440414D2826A9864C29,
				7B91087310B559BF674FFAD4,
				FFA57CDDB42C5A1F91D20D74,
				5C75A2A3AB8CB509706E22CB,
				44875C24EA718AFBD016AA63,
				CDA91B382A58719C9690965F,
				F74202C3C8F2AEF2CE2E7989,
			);
			name = Source;
			sourceTree = "<group>";
		};
/* End PBXGroup section */

/* Begin PBXNativeTarget section */
		1B9BB3EDE38A0F1D33E27B2F /* ModularVST - Shared Code */ = {
			isa = PBXNativeTarget;
			buildConfigurationList = 23734B12A0CCD97010E83732;
			buildPhases = (
				1A520A50B0E1A277C074FD5E,
			);
			buildRules = (
			);
			dependencies = (
			);
			name = "ModularVST - Shared Code";
			productName = ModularVST;
			productReference = 03E5DD2F700AA1EA5FBD4E45;
			productType = "com.apple.product-type.library.static";
		};
		80F77EC8802654FBDD3A633A /* ModularVST - AU */ = {
			isa = PBXNativeTarget;
			buildConfigurationList = 528E82E71382ABD1FFAC0EBF;
			buildPhases = (
				EB01BA0D19F232C5030A051F,
				AFFC7642C8CE61FF1EBDD1B1,
				4E549799AE3DDBAED7EE05E5,
				4CD768C8D9626D4D6876E082,
			);
			buildRules = (
			);
			dependencies = (
				B351B2F9B4421EDAC1B82485,
			);
			name = "ModularVST - AU";
			productName = ModularVST;
			productReference = 71E187B92098C12D60479151;
			productType = "com.apple.product-type.bundle";
		};
		8D7D1F847391E40632BA634C /* ModularVST - Standalone Plugin */ = {
			isa = PBXNativeTarget;
			buildConfigurationList = CA58B3AA093A5627F4F2F9F7;
			buildPhases = (
				BAAB5E89A0C67134F1751CE8,
				C03979346392A109F0940BC0,
				5400090D0C6594BA9385A24A,
			);
			buildRules = (
			);
			dependencies = (
				8D2C686154AA95E0999DA906,
			);
			name = "ModularVST - Standalone Plugin";
			productName = ModularVST;
			productReference = 072FF032A5B38F5353FD1C3A;
			productType = "com.apple.product-type.application";
		};
		DA92AA110A917F39FB03FC73 /* ModularVST - Unity Plugin */ = {
			isa = PBXNativeTarget;
			buildConfigurationList = 6B5F3E6AD5578700573DF54E;
			buildPhases = (
				57A531C1F340096E54F3C2F7,
				E9C0A8AB020560324422C44D,
				B6084302CCA2F04E390932DA,
				C836CBC9CA72FB973143062F,
			);
			buildRules = (
			);
			dependencies = (
				A4F08B77184EFF580B2A6B0A,
			);
			name = "ModularVST - Unity Plugin";
			productName = ModularVST;
			productReference = 28BF305F6B030D5D677A3AD2;
			productType = "com.apple.product-type.bundle";
		};
/* End PBXNativeTarget section */

/* Begin PBXProject section */
		EC75BDAE19208F833E3FEDE6 = {
			isa = PBXProject;
			attributes = {
				LastUpgradeCheck = 1240;
				ORGANIZATIONNAME = "";
				TargetAttributes = {
					1B9BB3EDE38A0F1D33E27B2F = {
						SystemCapabilities = {
							com.apple.ApplicationGroups.iOS = {
								enabled = 0;
							};
							com.apple.HardenedRuntime = {
								enabled = 0;
							};
							com.apple.InAppPurchase = {
								enabled = 0;
							};
							com.apple.InterAppAudio = {
								enabled = 0;
							};
							com.apple.Push = {
								enabled = 0;
							};
							com.apple.Sandbox = {
								enabled = 0;
							};
						};
					};
					5CD233EE946C02BE69798283 = {
						SystemCapabilities = {
							com.apple.ApplicationGroups.iOS = {
								enabled = 0;
							};
							com.apple.HardenedRuntime = {
								enabled = 0;
							};
							com.apple.InAppPurchase = {
								enabled = 0;
							};
							com.apple.InterAppAudio = {
								enabled = 0;
							};
							com.apple.Push = {
								enabled = 0;
							};
							com.apple.Sandbox = {
								enabled = 0;
							};
						};
					};
					80F77EC8802654FBDD3A633A = {
						SystemCapabilities = {
							com.apple.ApplicationGroups.iOS = {
								enabled = 0;
							};
							com.apple.HardenedRuntime = {
								enabled = 0;
							};
							com.apple.InAppPurchase = {
								enabled = 0;
							};
							com.apple.InterAppAudio = {
								enabled = 0;
							};
							com.apple.Push = {
								enabled = 0;
							};
							com.apple.Sandbox = {
								enabled = 0;
							};
						};
					};
					8D7D1F847391E40632BA634C = {
						SystemCapabilities = {
							com.apple.ApplicationGroups.iOS = {
								enabled = 0;
							};
							com.apple.HardenedRuntime = {
								enabled = 0;
							};
							com.apple.InAppPurchase = {
								enabled = 0;
							};
							com.apple.InterAppAudio = {
								enabled = 0;
							};
							com.apple.Push = {
								enabled = 0;
							};
							com.apple.Sandbox = {
								enabled = 0;
							};
						};
					};
					DA92AA110A917F39FB03FC73 = {
						SystemCapabilities = {
							com.apple.ApplicationGroups.iOS = {
								enabled = 0;
							};
							com.apple.HardenedRuntime = {
								enabled = 0;
							};
							com.apple.InAppPurchase = {
								enabled = 0;
							};
							com.apple.InterAppAudio = {
								enabled = 0;
							};
							com.apple.Push = {
								enabled = 0;
							};
							com.apple.Sandbox = {
								enabled = 0;
							};
						};
					};
				};
			};
			buildConfigurationList = 293423A382122DBDF9092B64;
			compatibilityVersion = "Xcode 3.2";
			hasScannedForEncodings = 0;
			knownRegions = (
				en,
				Base,
			);
			mainGroup = 826E522FD7423D7C5EBBAFB6;
			projectDirPath = "";
			projectRoot = "";
			targets = (
				5CD233EE946C02BE69798283,
				80F77EC8802654FBDD3A633A,
				8D7D1F847391E40632BA634C,
				DA92AA110A917F39FB03FC73,
				1B9BB3EDE38A0F1D33E27B2F,
			);
		};
/* End PBXProject section */

/* Begin PBXResourcesBuildPhase section */
		57A531C1F340096E54F3C2F7 = {
			isa = PBXResourcesBuildPhase;
			buildActionMask = 2147483647;
			files = (
				10869DD631B2913CCA5B62D6,
			);
			runOnlyForDeploymentPostprocessing = 0;
		};
		BAAB5E89A0C67134F1751CE8 = {
			isa = PBXResourcesBuildPhase;
			buildActionMask = 2147483647;
			files = (
				10869DD631B2913CCA5B62D6,
			);
			runOnlyForDeploymentPostprocessing = 0;
		};
		EB01BA0D19F232C5030A051F = {
			isa = PBXResourcesBuildPhase;
			buildActionMask = 2147483647;
			files = (
				10869DD631B2913CCA5B62D6,
			);
			runOnlyForDeploymentPostprocessing = 0;
		};
/* End PBXResourcesBuildPhase section */

/* Begin PBXRezBuildPhase section */
		AFFC7642C8CE61FF1EBDD1B1 = {
			isa = PBXRezBuildPhase;
			buildActionMask = 2147483647;
			files = (
				CBB452F99ADF8694843EC45F,
			);
			runOnlyForDeploymentPostprocessing = 0;
		};
/* End PBXRezBuildPhase section */

/* Begin PBXSourcesBuildPhase section */
		1A520A50B0E1A277C074FD5E = {
			isa = PBXSourcesBuildPhase;
			buildActionMask = 2147483647;
			files = (
				F26F4A580ED1360EB99AE7B5,
				36215AB622980101E266FDD9,
				4D2248D8CD55C32E7ADB9720,
				C258EDEE931E14E9264DDACD,
				2F157A40A3C671C49A02FC2D,
				E98C8943CB499DB20391D80E,
				FE82ECECB7FC7FF0DB808873,
				6968B67372AFFB2B584B293E,
				9C409B15AF351944DECECDCC,
				5DCA3B3368EC7DA9D4437367,
				44EDC63095116F4E2CCB0088,
				CCC8EBFA452697D241249A19,
				FE072AC6649F1032541EA4EC,
				C7BA80A4EC615E2259CA8BA8,
				14D22B5D1930D5835E85F13D,
				677A0F0EEC3CE68660A2B443,
				168A3F4ED35C4DCC546F12B6,
				A49ED39B63C0486AF8B38220,
				81207CE18878E1B9929C701C,
				85D7A6501713B6DA20BBF2BE,
				BD01BF6ABE45F3208BC49526,
				6EE499C1D5FF958E67182C83,
			);
			runOnlyForDeploymentPostprocessing = 0;
		};
		4E549799AE3DDBAED7EE05E5 = {
			isa = PBXSourcesBuildPhase;
			buildActionMask = 2147483647;
			files = (
				B64F88AFBDF9B808B89DFF7A,
				1894B53763EC630309FE4D19,
			);
			runOnlyForDeploymentPostprocessing = 0;
		};
		C03979346392A109F0940BC0 = {
			isa = PBXSourcesBuildPhase;
			buildActionMask = 2147483647;
			files = (
				DE0B3BDA15473F3694EE2792,
			);
			runOnlyForDeploymentPostprocessing = 0;
		};
		E9C0A8AB020560324422C44D = {
			isa = PBXSourcesBuildPhase;
			buildActionMask = 2147483647;
			files = (
				C2E3455C10B1F0BBBFB8FED4,
			);
			runOnlyForDeploymentPostprocessing = 0;
		};
/* End PBXSourcesBuildPhase section */

/* Begin PBXTargetDependency section */
		00BA24909E2F2EF19D0AFA75 = {
			isa = PBXTargetDependency;
			target = DA92AA110A917F39FB03FC73;
		};
		017EDF6BBD25FB5C520070E2 = {
			isa = PBXTargetDependency;
			target = 1B9BB3EDE38A0F1D33E27B2F;
		};
		60435380314BA2F9F13207C9 = {
			isa = PBXTargetDependency;
			target = 8D7D1F847391E40632BA634C;
		};
		8D2C686154AA95E0999DA906 = {
			isa = PBXTargetDependency;
			target = 1B9BB3EDE38A0F1D33E27B2F;
		};
		A4F08B77184EFF580B2A6B0A = {
			isa = PBXTargetDependency;
			target = 1B9BB3EDE38A0F1D33E27B2F;
		};
		B351B2F9B4421EDAC1B82485 = {
			isa = PBXTargetDependency;
			target = 1B9BB3EDE38A0F1D33E27B2F;
		};
		FB7EA7CE967F18DC24C65A7F = {
			isa = PBXTargetDependency;
			target = 80F77EC8802654FBDD3A633A;
		};
/* End PBXTargetDependency section */

/* Begin XCBuildConfiguration section */
		4BB1AAAAA047597CB528C1B0 /* Debug */ = {
			isa = XCBuildConfiguration;
			buildSettings = {
				CLANG_CXX_LANGUAGE_STANDARD = "c++14";
				CLANG_CXX_LIBRARY = "libc++";
				CLANG_LINK_OBJC_RUNTIME = NO;
				CODE_SIGN_IDENTITY = "";
				COMBINE_HIDPI_IMAGES = YES;
				CONFIGURATION_BUILD_DIR = "$(PROJECT_DIR)/build/$(CONFIGURATION)";
				COPY_PHASE_STRIP = NO;
				GCC_DYNAMIC_NO_PIC = NO;
				GCC_OPTIMIZATION_LEVEL = 0;
				GCC_PREPROCESSOR_DEFINITIONS = (
					"_DEBUG=1",
					"DEBUG=1",
					"JUCE_DISPLAY_SPLASH_SCREEN=1",
					"JUCE_USE_DARK_SPLASH_SCREEN=1",
					"JUCE_PROJUCER_VERSION=0x60008",
					"JUCE_MODULE_AVAILABLE_juce_audio_basics=1",
					"JUCE_MODULE_AVAILABLE_juce_audio_devices=1",
					"JUCE_MODULE_AVAILABLE_juce_audio_formats=1",
					"JUCE_MODULE_AVAILABLE_juce_audio_plugin_client=1",
					"JUCE_MODULE_AVAILABLE_juce_audio_processors=1",
					"JUCE_MODULE_AVAILABLE_juce_audio_utils=1",
					"JUCE_MODULE_AVAILABLE_juce_core=1",
					"JUCE_MODULE_AVAILABLE_juce_data_structures=1",
					"JUCE_MODULE_AVAILABLE_juce_events=1",
					"JUCE_MODULE_AVAILABLE_juce_graphics=1",
					"JUCE_MODULE_AVAILABLE_juce_gui_basics=1",
					"JUCE_MODULE_AVAILABLE_juce_gui_extra=1",
					"JUCE_GLOBAL_MODULE_SETTINGS_INCLUDED=1",
					"JUCE_VST3_CAN_REPLACE_VST2=0",
					"JUCE_STRICT_REFCOUNTEDPOINTER=1",
					"JucePlugin_Build_VST=0",
					"JucePlugin_Build_VST3=0",
					"JucePlugin_Build_AU=0",
					"JucePlugin_Build_AUv3=0",
					"JucePlugin_Build_RTAS=0",
					"JucePlugin_Build_AAX=0",
					"JucePlugin_Build_Standalone=0",
					"JucePlugin_Build_Unity=1",
					"JucePlugin_Enable_IAA=0",
					"JucePlugin_Name=\\\"ModularVST\\\"",
					"JucePlugin_Desc=\\\"ModularVST\\\"",
					"JucePlugin_Manufacturer=\\\"yourcompany\\\"",
					"JucePlugin_ManufacturerWebsite=\\\"\\\"",
					"JucePlugin_ManufacturerEmail=\\\"\\\"",
					"JucePlugin_ManufacturerCode=0x4d616e75",
					"JucePlugin_PluginCode=0x4d6e6d65",
					"JucePlugin_IsSynth=0",
					"JucePlugin_WantsMidiInput=0",
					"JucePlugin_ProducesMidiOutput=0",
					"JucePlugin_IsMidiEffect=0",
					"JucePlugin_EditorRequiresKeyboardFocus=0",
					"JucePlugin_Version=1.0.0",
					"JucePlugin_VersionCode=0x10000",
					"JucePlugin_VersionString=\\\"1.0.0\\\"",
					"JucePlugin_VSTUniqueID=JucePlugin_PluginCode",
					"JucePlugin_VSTCategory=kPlugCategEffect",
					"JucePlugin_Vst3Category=\\\"Fx\\\"",
					"JucePlugin_AUMainType='aufx'",
					"JucePlugin_AUSubType=JucePlugin_PluginCode",
					"JucePlugin_AUExportPrefix=ModularVSTAU",
					"JucePlugin_AUExportPrefixQuoted=\\\"ModularVSTAU\\\"",
					"JucePlugin_AUManufacturerCode=JucePlugin_ManufacturerCode",
					"JucePlugin_CFBundleIdentifier=com.yourcompany.ModularVST",
					"JucePlugin_RTASCategory=0",
					"JucePlugin_RTASManufacturerCode=JucePlugin_ManufacturerCode",
					"JucePlugin_RTASProductId=JucePlugin_PluginCode",
					"JucePlugin_RTASDisableBypass=0",
					"JucePlugin_RTASDisableMultiMono=0",
					"JucePlugin_AAXIdentifier=com.yourcompany.ModularVST",
					"JucePlugin_AAXManufacturerCode=JucePlugin_ManufacturerCode",
					"JucePlugin_AAXProductId=JucePlugin_PluginCode",
					"JucePlugin_AAXCategory=0",
					"JucePlugin_AAXDisableBypass=0",
					"JucePlugin_AAXDisableMultiMono=0",
					"JucePlugin_IAAType=0x61757278",
					"JucePlugin_IAASubType=JucePlugin_PluginCode",
					"JucePlugin_IAAName=\\\"yourcompany:\\ ModularVST\\\"",
					"JucePlugin_VSTNumMidiInputs=16",
					"JucePlugin_VSTNumMidiOutputs=16",
					"JUCE_STANDALONE_APPLICATION=JucePlugin_Build_Standalone",
					"JUCER_XCODE_MAC_F6D2F4CF=1",
					"JUCE_APP_VERSION=1.0.0",
					"JUCE_APP_VERSION_HEX=0x10000",
				);
				GCC_VERSION = com.apple.compilers.llvm.clang.1_0;
				GENERATE_PKGINFO_FILE = YES;
				HEADER_SEARCH_PATHS = (
					"$(SRCROOT)/../../JuceLibraryCode",
					"/Users/SilvinW/repositories/newJUCE/JUCE/modules",
					"/Users/SilvinW/repositories/newJUCE/JUCE/modules/juce_audio_plugin_client",
					"$(inherited)",
				);
				INFOPLIST_FILE = Info-Unity_Plugin.plist;
				INFOPLIST_PREPROCESS = NO;
				LIBRARY_STYLE = Bundle;
				MACOSX_DEPLOYMENT_TARGET = 10.11;
				MTL_HEADER_SEARCH_PATHS = "$(SRCROOT)/../../JuceLibraryCode /Users/SilvinW/repositories/newJUCE/JUCE/modules /Users/SilvinW/repositories/newJUCE/JUCE/modules/juce_audio_plugin_client";
				OTHER_LDFLAGS = "-bundle -lModularVST";
				PRODUCT_BUNDLE_IDENTIFIER = com.yourcompany.ModularVST;
				PRODUCT_NAME = "audioplugin_ModularVST";
				USE_HEADERMAP = NO;
				VALID_ARCHS = "i386 x86_64 arm64 arm64e";
				WRAPPER_EXTENSION = bundle;
			};
			name = Debug;
		};
		85B492DCCC8FB951D505D02F /* Release */ = {
			isa = XCBuildConfiguration;
			buildSettings = {
				ALWAYS_SEARCH_USER_PATHS = NO;
				CLANG_ENABLE_OBJC_WEAK = YES;
				CLANG_WARN_BLOCK_CAPTURE_AUTORELEASING = YES;
				CLANG_WARN_BOOL_CONVERSION = YES;
				CLANG_WARN_COMMA = YES;
				CLANG_WARN_CONSTANT_CONVERSION = YES;
				CLANG_WARN_DEPRECATED_OBJC_IMPLEMENTATIONS = YES;
				CLANG_WARN_EMPTY_BODY = YES;
				CLANG_WARN_ENUM_CONVERSION = YES;
				CLANG_WARN_INFINITE_RECURSION = YES;
				CLANG_WARN_INT_CONVERSION = YES;
				CLANG_WARN_NON_LITERAL_NULL_CONVERSION = YES;
				CLANG_WARN_OBJC_IMPLICIT_RETAIN_SELF = YES;
				CLANG_WARN_OBJC_LITERAL_CONVERSION = YES;
				CLANG_WARN_RANGE_LOOP_ANALYSIS = YES;
				CLANG_WARN_STRICT_PROTOTYPES = YES;
				CLANG_WARN_SUSPICIOUS_MOVE = YES;
				CLANG_WARN_UNREACHABLE_CODE = YES;
				CLANG_WARN__DUPLICATE_METHOD_MATCH = YES;
				CODE_SIGN_IDENTITY = "";
				DEBUG_INFORMATION_FORMAT = dwarf;
				ENABLE_STRICT_OBJC_MSGSEND = YES;
				ENABLE_TESTABILITY = NO;
				GCC_C_LANGUAGE_STANDARD = c11;
				GCC_INLINES_ARE_PRIVATE_EXTERN = YES;
				GCC_MODEL_TUNING = G5;
				GCC_NO_COMMON_BLOCKS = YES;
				GCC_SYMBOLS_PRIVATE_EXTERN = YES;
				GCC_WARN_64_TO_32_BIT_CONVERSION = YES;
				GCC_WARN_ABOUT_RETURN_TYPE = YES;
				GCC_WARN_CHECK_SWITCH_STATEMENTS = YES;
				GCC_WARN_MISSING_PARENTHESES = YES;
				GCC_WARN_NON_VIRTUAL_DESTRUCTOR = YES;
				GCC_WARN_TYPECHECK_CALLS_TO_PRINTF = YES;
				GCC_WARN_UNDECLARED_SELECTOR = YES;
				GCC_WARN_UNINITIALIZED_AUTOS = YES;
				GCC_WARN_UNUSED_FUNCTION = YES;
				GCC_WARN_UNUSED_VARIABLE = YES;
				PRODUCT_NAME = "ModularVST";
				SDKROOT = macosx;
				WARNING_CFLAGS = "-Wreorder";
				ZERO_LINK = NO;
			};
			name = Release;
		};
		889A37D101A4E16527838C02 /* Release */ = {
			isa = XCBuildConfiguration;
			buildSettings = {
				CLANG_CXX_LANGUAGE_STANDARD = "c++14";
				CLANG_CXX_LIBRARY = "libc++";
				CLANG_LINK_OBJC_RUNTIME = NO;
				CODE_SIGN_IDENTITY = "";
				COMBINE_HIDPI_IMAGES = YES;
				CONFIGURATION_BUILD_DIR = "$(PROJECT_DIR)/build/$(CONFIGURATION)";
				DEAD_CODE_STRIPPING = YES;
				GCC_GENERATE_DEBUGGING_SYMBOLS = NO;
				GCC_OPTIMIZATION_LEVEL = 3;
				GCC_PREPROCESSOR_DEFINITIONS = (
					"_NDEBUG=1",
					"NDEBUG=1",
					"JUCE_DISPLAY_SPLASH_SCREEN=1",
					"JUCE_USE_DARK_SPLASH_SCREEN=1",
					"JUCE_PROJUCER_VERSION=0x60008",
					"JUCE_MODULE_AVAILABLE_juce_audio_basics=1",
					"JUCE_MODULE_AVAILABLE_juce_audio_devices=1",
					"JUCE_MODULE_AVAILABLE_juce_audio_formats=1",
					"JUCE_MODULE_AVAILABLE_juce_audio_plugin_client=1",
					"JUCE_MODULE_AVAILABLE_juce_audio_processors=1",
					"JUCE_MODULE_AVAILABLE_juce_audio_utils=1",
					"JUCE_MODULE_AVAILABLE_juce_core=1",
					"JUCE_MODULE_AVAILABLE_juce_data_structures=1",
					"JUCE_MODULE_AVAILABLE_juce_events=1",
					"JUCE_MODULE_AVAILABLE_juce_graphics=1",
					"JUCE_MODULE_AVAILABLE_juce_gui_basics=1",
					"JUCE_MODULE_AVAILABLE_juce_gui_extra=1",
					"JUCE_GLOBAL_MODULE_SETTINGS_INCLUDED=1",
					"JUCE_VST3_CAN_REPLACE_VST2=0",
					"JUCE_STRICT_REFCOUNTEDPOINTER=1",
					"JucePlugin_Build_VST=0",
					"JucePlugin_Build_VST3=0",
					"JucePlugin_Build_AU=1",
					"JucePlugin_Build_AUv3=0",
					"JucePlugin_Build_RTAS=0",
					"JucePlugin_Build_AAX=0",
					"JucePlugin_Build_Standalone=1",
					"JucePlugin_Build_Unity=1",
					"JucePlugin_Enable_IAA=0",
					"JucePlugin_Name=\\\"ModularVST\\\"",
					"JucePlugin_Desc=\\\"ModularVST\\\"",
					"JucePlugin_Manufacturer=\\\"yourcompany\\\"",
					"JucePlugin_ManufacturerWebsite=\\\"\\\"",
					"JucePlugin_ManufacturerEmail=\\\"\\\"",
					"JucePlugin_ManufacturerCode=0x4d616e75",
					"JucePlugin_PluginCode=0x4d6e6d65",
					"JucePlugin_IsSynth=0",
					"JucePlugin_WantsMidiInput=0",
					"JucePlugin_ProducesMidiOutput=0",
					"JucePlugin_IsMidiEffect=0",
					"JucePlugin_EditorRequiresKeyboardFocus=0",
					"JucePlugin_Version=1.0.0",
					"JucePlugin_VersionCode=0x10000",
					"JucePlugin_VersionString=\\\"1.0.0\\\"",
					"JucePlugin_VSTUniqueID=JucePlugin_PluginCode",
					"JucePlugin_VSTCategory=kPlugCategEffect",
					"JucePlugin_Vst3Category=\\\"Fx\\\"",
					"JucePlugin_AUMainType='aufx'",
					"JucePlugin_AUSubType=JucePlugin_PluginCode",
					"JucePlugin_AUExportPrefix=ModularVSTAU",
					"JucePlugin_AUExportPrefixQuoted=\\\"ModularVSTAU\\\"",
					"JucePlugin_AUManufacturerCode=JucePlugin_ManufacturerCode",
					"JucePlugin_CFBundleIdentifier=com.yourcompany.ModularVST",
					"JucePlugin_RTASCategory=0",
					"JucePlugin_RTASManufacturerCode=JucePlugin_ManufacturerCode",
					"JucePlugin_RTASProductId=JucePlugin_PluginCode",
					"JucePlugin_RTASDisableBypass=0",
					"JucePlugin_RTASDisableMultiMono=0",
					"JucePlugin_AAXIdentifier=com.yourcompany.ModularVST",
					"JucePlugin_AAXManufacturerCode=JucePlugin_ManufacturerCode",
					"JucePlugin_AAXProductId=JucePlugin_PluginCode",
					"JucePlugin_AAXCategory=0",
					"JucePlugin_AAXDisableBypass=0",
					"JucePlugin_AAXDisableMultiMono=0",
					"JucePlugin_IAAType=0x61757278",
					"JucePlugin_IAASubType=JucePlugin_PluginCode",
					"JucePlugin_IAAName=\\\"yourcompany:\\ ModularVST\\\"",
					"JucePlugin_VSTNumMidiInputs=16",
					"JucePlugin_VSTNumMidiOutputs=16",
					"JUCE_STANDALONE_APPLICATION=JucePlugin_Build_Standalone",
					"JUCER_XCODE_MAC_F6D2F4CF=1",
					"JUCE_APP_VERSION=1.0.0",
					"JUCE_APP_VERSION_HEX=0x10000",
					"JUCE_SHARED_CODE=1",
				);
				GCC_VERSION = com.apple.compilers.llvm.clang.1_0;
				HEADER_SEARCH_PATHS = (
					"$(SRCROOT)/../../JuceLibraryCode",
					"/Users/SilvinW/repositories/newJUCE/JUCE/modules",
					"/Users/SilvinW/repositories/newJUCE/JUCE/modules/juce_audio_plugin_client",
					"$(inherited)",
				);
				INSTALL_PATH = "@executable_path/../Frameworks";
				LLVM_LTO = YES;
				MACOSX_DEPLOYMENT_TARGET = 10.11;
				MTL_HEADER_SEARCH_PATHS = "$(SRCROOT)/../../JuceLibraryCode /Users/SilvinW/repositories/newJUCE/JUCE/modules /Users/SilvinW/repositories/newJUCE/JUCE/modules/juce_audio_plugin_client";
				PRODUCT_BUNDLE_IDENTIFIER = com.yourcompany.ModularVST;
				PRODUCT_NAME = "ModularVST";
				SKIP_INSTALL = YES;
				USE_HEADERMAP = NO;
				VALID_ARCHS = "i386 x86_64 arm64 arm64e";
			};
			name = Release;
		};
		8E244DC4D3BE1525B46C2193 /* Release */ = {
			isa = XCBuildConfiguration;
			buildSettings = {
				CLANG_CXX_LANGUAGE_STANDARD = "c++14";
				CLANG_CXX_LIBRARY = "libc++";
				CLANG_LINK_OBJC_RUNTIME = NO;
				CODE_SIGN_IDENTITY = "";
				COMBINE_HIDPI_IMAGES = YES;
				CONFIGURATION_BUILD_DIR = "$(PROJECT_DIR)/build/$(CONFIGURATION)";
				DEAD_CODE_STRIPPING = YES;
				GCC_GENERATE_DEBUGGING_SYMBOLS = NO;
				GCC_OPTIMIZATION_LEVEL = 3;
				GCC_PREPROCESSOR_DEFINITIONS = (
					"_NDEBUG=1",
					"NDEBUG=1",
					"JUCE_DISPLAY_SPLASH_SCREEN=1",
					"JUCE_USE_DARK_SPLASH_SCREEN=1",
					"JUCE_PROJUCER_VERSION=0x60008",
					"JUCE_MODULE_AVAILABLE_juce_audio_basics=1",
					"JUCE_MODULE_AVAILABLE_juce_audio_devices=1",
					"JUCE_MODULE_AVAILABLE_juce_audio_formats=1",
					"JUCE_MODULE_AVAILABLE_juce_audio_plugin_client=1",
					"JUCE_MODULE_AVAILABLE_juce_audio_processors=1",
					"JUCE_MODULE_AVAILABLE_juce_audio_utils=1",
					"JUCE_MODULE_AVAILABLE_juce_core=1",
					"JUCE_MODULE_AVAILABLE_juce_data_structures=1",
					"JUCE_MODULE_AVAILABLE_juce_events=1",
					"JUCE_MODULE_AVAILABLE_juce_graphics=1",
					"JUCE_MODULE_AVAILABLE_juce_gui_basics=1",
					"JUCE_MODULE_AVAILABLE_juce_gui_extra=1",
					"JUCE_GLOBAL_MODULE_SETTINGS_INCLUDED=1",
					"JUCE_VST3_CAN_REPLACE_VST2=0",
					"JUCE_STRICT_REFCOUNTEDPOINTER=1",
					"JucePlugin_Build_VST=0",
					"JucePlugin_Build_VST3=0",
					"JucePlugin_Build_AU=0",
					"JucePlugin_Build_AUv3=0",
					"JucePlugin_Build_RTAS=0",
					"JucePlugin_Build_AAX=0",
					"JucePlugin_Build_Standalone=0",
					"JucePlugin_Build_Unity=1",
					"JucePlugin_Enable_IAA=0",
					"JucePlugin_Name=\\\"ModularVST\\\"",
					"JucePlugin_Desc=\\\"ModularVST\\\"",
					"JucePlugin_Manufacturer=\\\"yourcompany\\\"",
					"JucePlugin_ManufacturerWebsite=\\\"\\\"",
					"JucePlugin_ManufacturerEmail=\\\"\\\"",
					"JucePlugin_ManufacturerCode=0x4d616e75",
					"JucePlugin_PluginCode=0x4d6e6d65",
					"JucePlugin_IsSynth=0",
					"JucePlugin_WantsMidiInput=0",
					"JucePlugin_ProducesMidiOutput=0",
					"JucePlugin_IsMidiEffect=0",
					"JucePlugin_EditorRequiresKeyboardFocus=0",
					"JucePlugin_Version=1.0.0",
					"JucePlugin_VersionCode=0x10000",
					"JucePlugin_VersionString=\\\"1.0.0\\\"",
					"JucePlugin_VSTUniqueID=JucePlugin_PluginCode",
					"JucePlugin_VSTCategory=kPlugCategEffect",
					"JucePlugin_Vst3Category=\\\"Fx\\\"",
					"JucePlugin_AUMainType='aufx'",
					"JucePlugin_AUSubType=JucePlugin_PluginCode",
					"JucePlugin_AUExportPrefix=ModularVSTAU",
					"JucePlugin_AUExportPrefixQuoted=\\\"ModularVSTAU\\\"",
					"JucePlugin_AUManufacturerCode=JucePlugin_ManufacturerCode",
					"JucePlugin_CFBundleIdentifier=com.yourcompany.ModularVST",
					"JucePlugin_RTASCategory=0",
					"JucePlugin_RTASManufacturerCode=JucePlugin_ManufacturerCode",
					"JucePlugin_RTASProductId=JucePlugin_PluginCode",
					"JucePlugin_RTASDisableBypass=0",
					"JucePlugin_RTASDisableMultiMono=0",
					"JucePlugin_AAXIdentifier=com.yourcompany.ModularVST",
					"JucePlugin_AAXManufacturerCode=JucePlugin_ManufacturerCode",
					"JucePlugin_AAXProductId=JucePlugin_PluginCode",
					"JucePlugin_AAXCategory=0",
					"JucePlugin_AAXDisableBypass=0",
					"JucePlugin_AAXDisableMultiMono=0",
					"JucePlugin_IAAType=0x61757278",
					"JucePlugin_IAASubType=JucePlugin_PluginCode",
					"JucePlugin_IAAName=\\\"yourcompany:\\ ModularVST\\\"",
					"JucePlugin_VSTNumMidiInputs=16",
					"JucePlugin_VSTNumMidiOutputs=16",
					"JUCE_STANDALONE_APPLICATION=JucePlugin_Build_Standalone",
					"JUCER_XCODE_MAC_F6D2F4CF=1",
					"JUCE_APP_VERSION=1.0.0",
					"JUCE_APP_VERSION_HEX=0x10000",
				);
				GCC_VERSION = com.apple.compilers.llvm.clang.1_0;
				GENERATE_PKGINFO_FILE = YES;
				HEADER_SEARCH_PATHS = (
					"$(SRCROOT)/../../JuceLibraryCode",
					"/Users/SilvinW/repositories/newJUCE/JUCE/modules",
					"/Users/SilvinW/repositories/newJUCE/JUCE/modules/juce_audio_plugin_client",
					"$(inherited)",
				);
				INFOPLIST_FILE = Info-Unity_Plugin.plist;
				INFOPLIST_PREPROCESS = NO;
				LIBRARY_STYLE = Bundle;
				LLVM_LTO = YES;
				MACOSX_DEPLOYMENT_TARGET = 10.11;
				MTL_HEADER_SEARCH_PATHS = "$(SRCROOT)/../../JuceLibraryCode /Users/SilvinW/repositories/newJUCE/JUCE/modules /Users/SilvinW/repositories/newJUCE/JUCE/modules/juce_audio_plugin_client";
				OTHER_LDFLAGS = "-bundle -lModularVST";
				PRODUCT_BUNDLE_IDENTIFIER = com.yourcompany.ModularVST;
				PRODUCT_NAME = "audioplugin_ModularVST";
				USE_HEADERMAP = NO;
				VALID_ARCHS = "i386 x86_64 arm64 arm64e";
				WRAPPER_EXTENSION = bundle;
			};
			name = Release;
		};
		9C9569ADF2527FC3F7DB1383 /* Release */ = {
			isa = XCBuildConfiguration;
			buildSettings = {
				MACOSX_DEPLOYMENT_TARGET = 10.11;
				SDKROOT = macosx;
			};
			name = Release;
		};
		AE50789DAFC036FA10C2B48B /* Debug */ = {
			isa = XCBuildConfiguration;
			buildSettings = {
				ALWAYS_SEARCH_USER_PATHS = NO;
				CLANG_ENABLE_OBJC_WEAK = YES;
				CLANG_WARN_BLOCK_CAPTURE_AUTORELEASING = YES;
				CLANG_WARN_BOOL_CONVERSION = YES;
				CLANG_WARN_COMMA = YES;
				CLANG_WARN_CONSTANT_CONVERSION = YES;
				CLANG_WARN_DEPRECATED_OBJC_IMPLEMENTATIONS = YES;
				CLANG_WARN_EMPTY_BODY = YES;
				CLANG_WARN_ENUM_CONVERSION = YES;
				CLANG_WARN_INFINITE_RECURSION = YES;
				CLANG_WARN_INT_CONVERSION = YES;
				CLANG_WARN_NON_LITERAL_NULL_CONVERSION = YES;
				CLANG_WARN_OBJC_IMPLICIT_RETAIN_SELF = YES;
				CLANG_WARN_OBJC_LITERAL_CONVERSION = YES;
				CLANG_WARN_RANGE_LOOP_ANALYSIS = YES;
				CLANG_WARN_STRICT_PROTOTYPES = YES;
				CLANG_WARN_SUSPICIOUS_MOVE = YES;
				CLANG_WARN_UNREACHABLE_CODE = YES;
				CLANG_WARN__DUPLICATE_METHOD_MATCH = YES;
				CODE_SIGN_IDENTITY = "";
				DEBUG_INFORMATION_FORMAT = dwarf;
				ENABLE_STRICT_OBJC_MSGSEND = YES;
				ENABLE_TESTABILITY = NO;
				GCC_C_LANGUAGE_STANDARD = c11;
				GCC_INLINES_ARE_PRIVATE_EXTERN = YES;
				GCC_MODEL_TUNING = G5;
				GCC_NO_COMMON_BLOCKS = YES;
				GCC_SYMBOLS_PRIVATE_EXTERN = YES;
				GCC_WARN_64_TO_32_BIT_CONVERSION = YES;
				GCC_WARN_ABOUT_RETURN_TYPE = YES;
				GCC_WARN_CHECK_SWITCH_STATEMENTS = YES;
				GCC_WARN_MISSING_PARENTHESES = YES;
				GCC_WARN_NON_VIRTUAL_DESTRUCTOR = YES;
				GCC_WARN_TYPECHECK_CALLS_TO_PRINTF = YES;
				GCC_WARN_UNDECLARED_SELECTOR = YES;
				GCC_WARN_UNINITIALIZED_AUTOS = YES;
				GCC_WARN_UNUSED_FUNCTION = YES;
				GCC_WARN_UNUSED_VARIABLE = YES;
				ONLY_ACTIVE_ARCH = YES;
				PRODUCT_NAME = "ModularVST";
				SDKROOT = macosx;
				WARNING_CFLAGS = "-Wreorder";
				ZERO_LINK = NO;
			};
			name = Debug;
		};
		B0E28C2AEB9A64867B9A965A /* Release */ = {
			isa = XCBuildConfiguration;
			buildSettings = {
				CLANG_CXX_LANGUAGE_STANDARD = "c++14";
				CLANG_CXX_LIBRARY = "libc++";
				CLANG_LINK_OBJC_RUNTIME = NO;
				CODE_SIGN_IDENTITY = "";
				COMBINE_HIDPI_IMAGES = YES;
				CONFIGURATION_BUILD_DIR = "$(PROJECT_DIR)/build/$(CONFIGURATION)";
				DEAD_CODE_STRIPPING = YES;
				GCC_GENERATE_DEBUGGING_SYMBOLS = NO;
				GCC_OPTIMIZATION_LEVEL = 3;
				GCC_PREPROCESSOR_DEFINITIONS = (
					"_NDEBUG=1",
					"NDEBUG=1",
					"JUCE_DISPLAY_SPLASH_SCREEN=1",
					"JUCE_USE_DARK_SPLASH_SCREEN=1",
					"JUCE_PROJUCER_VERSION=0x60008",
					"JUCE_MODULE_AVAILABLE_juce_audio_basics=1",
					"JUCE_MODULE_AVAILABLE_juce_audio_devices=1",
					"JUCE_MODULE_AVAILABLE_juce_audio_formats=1",
					"JUCE_MODULE_AVAILABLE_juce_audio_plugin_client=1",
					"JUCE_MODULE_AVAILABLE_juce_audio_processors=1",
					"JUCE_MODULE_AVAILABLE_juce_audio_utils=1",
					"JUCE_MODULE_AVAILABLE_juce_core=1",
					"JUCE_MODULE_AVAILABLE_juce_data_structures=1",
					"JUCE_MODULE_AVAILABLE_juce_events=1",
					"JUCE_MODULE_AVAILABLE_juce_graphics=1",
					"JUCE_MODULE_AVAILABLE_juce_gui_basics=1",
					"JUCE_MODULE_AVAILABLE_juce_gui_extra=1",
					"JUCE_GLOBAL_MODULE_SETTINGS_INCLUDED=1",
					"JUCE_VST3_CAN_REPLACE_VST2=0",
					"JUCE_STRICT_REFCOUNTEDPOINTER=1",
					"JucePlugin_Build_VST=0",
					"JucePlugin_Build_VST3=0",
					"JucePlugin_Build_AU=0",
					"JucePlugin_Build_AUv3=0",
					"JucePlugin_Build_RTAS=0",
					"JucePlugin_Build_AAX=0",
					"JucePlugin_Build_Standalone=1",
					"JucePlugin_Build_Unity=0",
					"JucePlugin_Enable_IAA=0",
					"JucePlugin_Name=\\\"ModularVST\\\"",
					"JucePlugin_Desc=\\\"ModularVST\\\"",
					"JucePlugin_Manufacturer=\\\"yourcompany\\\"",
					"JucePlugin_ManufacturerWebsite=\\\"\\\"",
					"JucePlugin_ManufacturerEmail=\\\"\\\"",
					"JucePlugin_ManufacturerCode=0x4d616e75",
					"JucePlugin_PluginCode=0x4d6e6d65",
					"JucePlugin_IsSynth=0",
					"JucePlugin_WantsMidiInput=0",
					"JucePlugin_ProducesMidiOutput=0",
					"JucePlugin_IsMidiEffect=0",
					"JucePlugin_EditorRequiresKeyboardFocus=0",
					"JucePlugin_Version=1.0.0",
					"JucePlugin_VersionCode=0x10000",
					"JucePlugin_VersionString=\\\"1.0.0\\\"",
					"JucePlugin_VSTUniqueID=JucePlugin_PluginCode",
					"JucePlugin_VSTCategory=kPlugCategEffect",
					"JucePlugin_Vst3Category=\\\"Fx\\\"",
					"JucePlugin_AUMainType='aufx'",
					"JucePlugin_AUSubType=JucePlugin_PluginCode",
					"JucePlugin_AUExportPrefix=ModularVSTAU",
					"JucePlugin_AUExportPrefixQuoted=\\\"ModularVSTAU\\\"",
					"JucePlugin_AUManufacturerCode=JucePlugin_ManufacturerCode",
					"JucePlugin_CFBundleIdentifier=com.yourcompany.ModularVST",
					"JucePlugin_RTASCategory=0",
					"JucePlugin_RTASManufacturerCode=JucePlugin_ManufacturerCode",
					"JucePlugin_RTASProductId=JucePlugin_PluginCode",
					"JucePlugin_RTASDisableBypass=0",
					"JucePlugin_RTASDisableMultiMono=0",
					"JucePlugin_AAXIdentifier=com.yourcompany.ModularVST",
					"JucePlugin_AAXManufacturerCode=JucePlugin_ManufacturerCode",
					"JucePlugin_AAXProductId=JucePlugin_PluginCode",
					"JucePlugin_AAXCategory=0",
					"JucePlugin_AAXDisableBypass=0",
					"JucePlugin_AAXDisableMultiMono=0",
					"JucePlugin_IAAType=0x61757278",
					"JucePlugin_IAASubType=JucePlugin_PluginCode",
					"JucePlugin_IAAName=\\\"yourcompany:\\ ModularVST\\\"",
					"JucePlugin_VSTNumMidiInputs=16",
					"JucePlugin_VSTNumMidiOutputs=16",
					"JUCE_STANDALONE_APPLICATION=JucePlugin_Build_Standalone",
					"JUCER_XCODE_MAC_F6D2F4CF=1",
					"JUCE_APP_VERSION=1.0.0",
					"JUCE_APP_VERSION_HEX=0x10000",
				);
				GCC_VERSION = com.apple.compilers.llvm.clang.1_0;
				HEADER_SEARCH_PATHS = (
					"$(SRCROOT)/../../JuceLibraryCode",
					"/Users/SilvinW/repositories/newJUCE/JUCE/modules",
					"/Users/SilvinW/repositories/newJUCE/JUCE/modules/juce_audio_plugin_client",
					"$(inherited)",
				);
				INFOPLIST_FILE = Info-Standalone_Plugin.plist;
				INFOPLIST_PREPROCESS = NO;
				LLVM_LTO = YES;
				MACOSX_DEPLOYMENT_TARGET = 10.11;
				MTL_HEADER_SEARCH_PATHS = "$(SRCROOT)/../../JuceLibraryCode /Users/SilvinW/repositories/newJUCE/JUCE/modules /Users/SilvinW/repositories/newJUCE/JUCE/modules/juce_audio_plugin_client";
				OTHER_LDFLAGS = "-lModularVST";
				PRODUCT_BUNDLE_IDENTIFIER = com.yourcompany.ModularVST;
				PRODUCT_NAME = "ModularVST";
				USE_HEADERMAP = NO;
				VALID_ARCHS = "i386 x86_64 arm64 arm64e";
			};
			name = Release;
		};
		B568A67291F072840391DE5A /* Debug */ = {
			isa = XCBuildConfiguration;
			buildSettings = {
				CLANG_CXX_LANGUAGE_STANDARD = "c++14";
				CLANG_CXX_LIBRARY = "libc++";
				CLANG_LINK_OBJC_RUNTIME = NO;
				CODE_SIGN_IDENTITY = "";
				COMBINE_HIDPI_IMAGES = YES;
				CONFIGURATION_BUILD_DIR = "$(PROJECT_DIR)/build/$(CONFIGURATION)";
				COPY_PHASE_STRIP = NO;
				DEPLOYMENT_LOCATION = YES;
				DSTROOT = /;
				GCC_DYNAMIC_NO_PIC = NO;
				GCC_OPTIMIZATION_LEVEL = 0;
				GCC_PREPROCESSOR_DEFINITIONS = (
					"_DEBUG=1",
					"DEBUG=1",
					"JUCE_DISPLAY_SPLASH_SCREEN=1",
					"JUCE_USE_DARK_SPLASH_SCREEN=1",
					"JUCE_PROJUCER_VERSION=0x60008",
					"JUCE_MODULE_AVAILABLE_juce_audio_basics=1",
					"JUCE_MODULE_AVAILABLE_juce_audio_devices=1",
					"JUCE_MODULE_AVAILABLE_juce_audio_formats=1",
					"JUCE_MODULE_AVAILABLE_juce_audio_plugin_client=1",
					"JUCE_MODULE_AVAILABLE_juce_audio_processors=1",
					"JUCE_MODULE_AVAILABLE_juce_audio_utils=1",
					"JUCE_MODULE_AVAILABLE_juce_core=1",
					"JUCE_MODULE_AVAILABLE_juce_data_structures=1",
					"JUCE_MODULE_AVAILABLE_juce_events=1",
					"JUCE_MODULE_AVAILABLE_juce_graphics=1",
					"JUCE_MODULE_AVAILABLE_juce_gui_basics=1",
					"JUCE_MODULE_AVAILABLE_juce_gui_extra=1",
					"JUCE_GLOBAL_MODULE_SETTINGS_INCLUDED=1",
					"JUCE_VST3_CAN_REPLACE_VST2=0",
					"JUCE_STRICT_REFCOUNTEDPOINTER=1",
					"JucePlugin_Build_VST=0",
					"JucePlugin_Build_VST3=0",
					"JucePlugin_Build_AU=1",
					"JucePlugin_Build_AUv3=0",
					"JucePlugin_Build_RTAS=0",
					"JucePlugin_Build_AAX=0",
					"JucePlugin_Build_Standalone=0",
					"JucePlugin_Build_Unity=0",
					"JucePlugin_Enable_IAA=0",
					"JucePlugin_Name=\\\"ModularVST\\\"",
					"JucePlugin_Desc=\\\"ModularVST\\\"",
					"JucePlugin_Manufacturer=\\\"yourcompany\\\"",
					"JucePlugin_ManufacturerWebsite=\\\"\\\"",
					"JucePlugin_ManufacturerEmail=\\\"\\\"",
					"JucePlugin_ManufacturerCode=0x4d616e75",
					"JucePlugin_PluginCode=0x4d6e6d65",
					"JucePlugin_IsSynth=0",
					"JucePlugin_WantsMidiInput=0",
					"JucePlugin_ProducesMidiOutput=0",
					"JucePlugin_IsMidiEffect=0",
					"JucePlugin_EditorRequiresKeyboardFocus=0",
					"JucePlugin_Version=1.0.0",
					"JucePlugin_VersionCode=0x10000",
					"JucePlugin_VersionString=\\\"1.0.0\\\"",
					"JucePlugin_VSTUniqueID=JucePlugin_PluginCode",
					"JucePlugin_VSTCategory=kPlugCategEffect",
					"JucePlugin_Vst3Category=\\\"Fx\\\"",
					"JucePlugin_AUMainType='aufx'",
					"JucePlugin_AUSubType=JucePlugin_PluginCode",
					"JucePlugin_AUExportPrefix=ModularVSTAU",
					"JucePlugin_AUExportPrefixQuoted=\\\"ModularVSTAU\\\"",
					"JucePlugin_AUManufacturerCode=JucePlugin_ManufacturerCode",
					"JucePlugin_CFBundleIdentifier=com.yourcompany.ModularVST",
					"JucePlugin_RTASCategory=0",
					"JucePlugin_RTASManufacturerCode=JucePlugin_ManufacturerCode",
					"JucePlugin_RTASProductId=JucePlugin_PluginCode",
					"JucePlugin_RTASDisableBypass=0",
					"JucePlugin_RTASDisableMultiMono=0",
					"JucePlugin_AAXIdentifier=com.yourcompany.ModularVST",
					"JucePlugin_AAXManufacturerCode=JucePlugin_ManufacturerCode",
					"JucePlugin_AAXProductId=JucePlugin_PluginCode",
					"JucePlugin_AAXCategory=0",
					"JucePlugin_AAXDisableBypass=0",
					"JucePlugin_AAXDisableMultiMono=0",
					"JucePlugin_IAAType=0x61757278",
					"JucePlugin_IAASubType=JucePlugin_PluginCode",
					"JucePlugin_IAAName=\\\"yourcompany:\\ ModularVST\\\"",
					"JucePlugin_VSTNumMidiInputs=16",
					"JucePlugin_VSTNumMidiOutputs=16",
					"JUCE_STANDALONE_APPLICATION=JucePlugin_Build_Standalone",
					"JUCER_XCODE_MAC_F6D2F4CF=1",
					"JUCE_APP_VERSION=1.0.0",
					"JUCE_APP_VERSION_HEX=0x10000",
				);
				GCC_VERSION = com.apple.compilers.llvm.clang.1_0;
				GENERATE_PKGINFO_FILE = YES;
				HEADER_SEARCH_PATHS = (
					"$(SRCROOT)/../../JuceLibraryCode",
					"/Users/SilvinW/repositories/newJUCE/JUCE/modules",
					"/Users/SilvinW/repositories/newJUCE/JUCE/modules/juce_audio_plugin_client",
					"$(inherited)",
				);
				INFOPLIST_FILE = Info-AU.plist;
				INFOPLIST_PREPROCESS = NO;
				INSTALL_PATH = "$(HOME)/Library/Audio/Plug-Ins/Components/";
				LIBRARY_STYLE = Bundle;
				MACOSX_DEPLOYMENT_TARGET = 10.11;
				MTL_HEADER_SEARCH_PATHS = "$(SRCROOT)/../../JuceLibraryCode /Users/SilvinW/repositories/newJUCE/JUCE/modules /Users/SilvinW/repositories/newJUCE/JUCE/modules/juce_audio_plugin_client";
				OTHER_LDFLAGS = "-bundle -lModularVST";
				OTHER_REZFLAGS = "-d ppc_$ppc -d i386_$i386 -d ppc64_$ppc64 -d x86_64_$x86_64 -I /System/Library/Frameworks/CoreServices.framework/Frameworks/CarbonCore.framework/Versions/A/Headers -I \"$(DEVELOPER_DIR)/Extras/CoreAudio/AudioUnits/AUPublic/AUBase\" -I \"$(DEVELOPER_DIR)/Platforms/MacOSX.platform/Developer/SDKs/MacOSX.sdk/System/Library/Frameworks/AudioUnit.framework/Headers\"";
				PRODUCT_BUNDLE_IDENTIFIER = com.yourcompany.ModularVST;
				PRODUCT_NAME = "ModularVST";
				USE_HEADERMAP = NO;
				VALID_ARCHS = "i386 x86_64 arm64 arm64e";
				WRAPPER_EXTENSION = component;
			};
			name = Debug;
		};
		C5F6A4A768B22325C05B7E8A /* Debug */ = {
			isa = XCBuildConfiguration;
			buildSettings = {
				CLANG_CXX_LANGUAGE_STANDARD = "c++14";
				CLANG_CXX_LIBRARY = "libc++";
				CLANG_LINK_OBJC_RUNTIME = NO;
				CODE_SIGN_IDENTITY = "";
				COMBINE_HIDPI_IMAGES = YES;
				CONFIGURATION_BUILD_DIR = "$(PROJECT_DIR)/build/$(CONFIGURATION)";
				COPY_PHASE_STRIP = NO;
				GCC_DYNAMIC_NO_PIC = NO;
				GCC_OPTIMIZATION_LEVEL = 0;
				GCC_PREPROCESSOR_DEFINITIONS = (
					"_DEBUG=1",
					"DEBUG=1",
					"JUCE_DISPLAY_SPLASH_SCREEN=1",
					"JUCE_USE_DARK_SPLASH_SCREEN=1",
					"JUCE_PROJUCER_VERSION=0x60008",
					"JUCE_MODULE_AVAILABLE_juce_audio_basics=1",
					"JUCE_MODULE_AVAILABLE_juce_audio_devices=1",
					"JUCE_MODULE_AVAILABLE_juce_audio_formats=1",
					"JUCE_MODULE_AVAILABLE_juce_audio_plugin_client=1",
					"JUCE_MODULE_AVAILABLE_juce_audio_processors=1",
					"JUCE_MODULE_AVAILABLE_juce_audio_utils=1",
					"JUCE_MODULE_AVAILABLE_juce_core=1",
					"JUCE_MODULE_AVAILABLE_juce_data_structures=1",
					"JUCE_MODULE_AVAILABLE_juce_events=1",
					"JUCE_MODULE_AVAILABLE_juce_graphics=1",
					"JUCE_MODULE_AVAILABLE_juce_gui_basics=1",
					"JUCE_MODULE_AVAILABLE_juce_gui_extra=1",
					"JUCE_GLOBAL_MODULE_SETTINGS_INCLUDED=1",
					"JUCE_VST3_CAN_REPLACE_VST2=0",
					"JUCE_STRICT_REFCOUNTEDPOINTER=1",
					"JucePlugin_Build_VST=0",
					"JucePlugin_Build_VST3=0",
					"JucePlugin_Build_AU=0",
					"JucePlugin_Build_AUv3=0",
					"JucePlugin_Build_RTAS=0",
					"JucePlugin_Build_AAX=0",
					"JucePlugin_Build_Standalone=1",
					"JucePlugin_Build_Unity=0",
					"JucePlugin_Enable_IAA=0",
					"JucePlugin_Name=\\\"ModularVST\\\"",
					"JucePlugin_Desc=\\\"ModularVST\\\"",
					"JucePlugin_Manufacturer=\\\"yourcompany\\\"",
					"JucePlugin_ManufacturerWebsite=\\\"\\\"",
					"JucePlugin_ManufacturerEmail=\\\"\\\"",
					"JucePlugin_ManufacturerCode=0x4d616e75",
					"JucePlugin_PluginCode=0x4d6e6d65",
					"JucePlugin_IsSynth=0",
					"JucePlugin_WantsMidiInput=0",
					"JucePlugin_ProducesMidiOutput=0",
					"JucePlugin_IsMidiEffect=0",
					"JucePlugin_EditorRequiresKeyboardFocus=0",
					"JucePlugin_Version=1.0.0",
					"JucePlugin_VersionCode=0x10000",
					"JucePlugin_VersionString=\\\"1.0.0\\\"",
					"JucePlugin_VSTUniqueID=JucePlugin_PluginCode",
					"JucePlugin_VSTCategory=kPlugCategEffect",
					"JucePlugin_Vst3Category=\\\"Fx\\\"",
					"JucePlugin_AUMainType='aufx'",
					"JucePlugin_AUSubType=JucePlugin_PluginCode",
					"JucePlugin_AUExportPrefix=ModularVSTAU",
					"JucePlugin_AUExportPrefixQuoted=\\\"ModularVSTAU\\\"",
					"JucePlugin_AUManufacturerCode=JucePlugin_ManufacturerCode",
					"JucePlugin_CFBundleIdentifier=com.yourcompany.ModularVST",
					"JucePlugin_RTASCategory=0",
					"JucePlugin_RTASManufacturerCode=JucePlugin_ManufacturerCode",
					"JucePlugin_RTASProductId=JucePlugin_PluginCode",
					"JucePlugin_RTASDisableBypass=0",
					"JucePlugin_RTASDisableMultiMono=0",
					"JucePlugin_AAXIdentifier=com.yourcompany.ModularVST",
					"JucePlugin_AAXManufacturerCode=JucePlugin_ManufacturerCode",
					"JucePlugin_AAXProductId=JucePlugin_PluginCode",
					"JucePlugin_AAXCategory=0",
					"JucePlugin_AAXDisableBypass=0",
					"JucePlugin_AAXDisableMultiMono=0",
					"JucePlugin_IAAType=0x61757278",
					"JucePlugin_IAASubType=JucePlugin_PluginCode",
					"JucePlugin_IAAName=\\\"yourcompany:\\ ModularVST\\\"",
					"JucePlugin_VSTNumMidiInputs=16",
					"JucePlugin_VSTNumMidiOutputs=16",
					"JUCE_STANDALONE_APPLICATION=JucePlugin_Build_Standalone",
					"JUCER_XCODE_MAC_F6D2F4CF=1",
					"JUCE_APP_VERSION=1.0.0",
					"JUCE_APP_VERSION_HEX=0x10000",
				);
				GCC_VERSION = com.apple.compilers.llvm.clang.1_0;
				HEADER_SEARCH_PATHS = (
					"$(SRCROOT)/../../JuceLibraryCode",
					"/Users/SilvinW/repositories/newJUCE/JUCE/modules",
					"/Users/SilvinW/repositories/newJUCE/JUCE/modules/juce_audio_plugin_client",
					"$(inherited)",
				);
				INFOPLIST_FILE = Info-Standalone_Plugin.plist;
				INFOPLIST_PREPROCESS = NO;
				MACOSX_DEPLOYMENT_TARGET = 10.11;
				MTL_HEADER_SEARCH_PATHS = "$(SRCROOT)/../../JuceLibraryCode /Users/SilvinW/repositories/newJUCE/JUCE/modules /Users/SilvinW/repositories/newJUCE/JUCE/modules/juce_audio_plugin_client";
				OTHER_LDFLAGS = "-lModularVST";
				PRODUCT_BUNDLE_IDENTIFIER = com.yourcompany.ModularVST;
				PRODUCT_NAME = "ModularVST";
				USE_HEADERMAP = NO;
				VALID_ARCHS = "i386 x86_64 arm64 arm64e";
			};
			name = Debug;
		};
		DF5286EEFF8FCE0C1EEFA137 /* Debug */ = {
			isa = XCBuildConfiguration;
			buildSettings = {
				MACOSX_DEPLOYMENT_TARGET = 10.11;
				SDKROOT = macosx;
			};
			name = Debug;
		};
		E514C9532C0089E50654D837 /* Release */ = {
			isa = XCBuildConfiguration;
			buildSettings = {
				CLANG_CXX_LANGUAGE_STANDARD = "c++14";
				CLANG_CXX_LIBRARY = "libc++";
				CLANG_LINK_OBJC_RUNTIME = NO;
				CODE_SIGN_IDENTITY = "";
				COMBINE_HIDPI_IMAGES = YES;
				CONFIGURATION_BUILD_DIR = "$(PROJECT_DIR)/build/$(CONFIGURATION)";
				DEAD_CODE_STRIPPING = YES;
				DEPLOYMENT_LOCATION = YES;
				DSTROOT = /;
				GCC_GENERATE_DEBUGGING_SYMBOLS = NO;
				GCC_OPTIMIZATION_LEVEL = 3;
				GCC_PREPROCESSOR_DEFINITIONS = (
					"_NDEBUG=1",
					"NDEBUG=1",
					"JUCE_DISPLAY_SPLASH_SCREEN=1",
					"JUCE_USE_DARK_SPLASH_SCREEN=1",
					"JUCE_PROJUCER_VERSION=0x60008",
					"JUCE_MODULE_AVAILABLE_juce_audio_basics=1",
					"JUCE_MODULE_AVAILABLE_juce_audio_devices=1",
					"JUCE_MODULE_AVAILABLE_juce_audio_formats=1",
					"JUCE_MODULE_AVAILABLE_juce_audio_plugin_client=1",
					"JUCE_MODULE_AVAILABLE_juce_audio_processors=1",
					"JUCE_MODULE_AVAILABLE_juce_audio_utils=1",
					"JUCE_MODULE_AVAILABLE_juce_core=1",
					"JUCE_MODULE_AVAILABLE_juce_data_structures=1",
					"JUCE_MODULE_AVAILABLE_juce_events=1",
					"JUCE_MODULE_AVAILABLE_juce_graphics=1",
					"JUCE_MODULE_AVAILABLE_juce_gui_basics=1",
					"JUCE_MODULE_AVAILABLE_juce_gui_extra=1",
					"JUCE_GLOBAL_MODULE_SETTINGS_INCLUDED=1",
					"JUCE_VST3_CAN_REPLACE_VST2=0",
					"JUCE_STRICT_REFCOUNTEDPOINTER=1",
					"JucePlugin_Build_VST=0",
					"JucePlugin_Build_VST3=0",
					"JucePlugin_Build_AU=1",
					"JucePlugin_Build_AUv3=0",
					"JucePlugin_Build_RTAS=0",
					"JucePlugin_Build_AAX=0",
					"JucePlugin_Build_Standalone=0",
					"JucePlugin_Build_Unity=0",
					"JucePlugin_Enable_IAA=0",
					"JucePlugin_Name=\\\"ModularVST\\\"",
					"JucePlugin_Desc=\\\"ModularVST\\\"",
					"JucePlugin_Manufacturer=\\\"yourcompany\\\"",
					"JucePlugin_ManufacturerWebsite=\\\"\\\"",
					"JucePlugin_ManufacturerEmail=\\\"\\\"",
					"JucePlugin_ManufacturerCode=0x4d616e75",
					"JucePlugin_PluginCode=0x4d6e6d65",
					"JucePlugin_IsSynth=0",
					"JucePlugin_WantsMidiInput=0",
					"JucePlugin_ProducesMidiOutput=0",
					"JucePlugin_IsMidiEffect=0",
					"JucePlugin_EditorRequiresKeyboardFocus=0",
					"JucePlugin_Version=1.0.0",
					"JucePlugin_VersionCode=0x10000",
					"JucePlugin_VersionString=\\\"1.0.0\\\"",
					"JucePlugin_VSTUniqueID=JucePlugin_PluginCode",
					"JucePlugin_VSTCategory=kPlugCategEffect",
					"JucePlugin_Vst3Category=\\\"Fx\\\"",
					"JucePlugin_AUMainType='aufx'",
					"JucePlugin_AUSubType=JucePlugin_PluginCode",
					"JucePlugin_AUExportPrefix=ModularVSTAU",
					"JucePlugin_AUExportPrefixQuoted=\\\"ModularVSTAU\\\"",
					"JucePlugin_AUManufacturerCode=JucePlugin_ManufacturerCode",
					"JucePlugin_CFBundleIdentifier=com.yourcompany.ModularVST",
					"JucePlugin_RTASCategory=0",
					"JucePlugin_RTASManufacturerCode=JucePlugin_ManufacturerCode",
					"JucePlugin_RTASProductId=JucePlugin_PluginCode",
					"JucePlugin_RTASDisableBypass=0",
					"JucePlugin_RTASDisableMultiMono=0",
					"JucePlugin_AAXIdentifier=com.yourcompany.ModularVST",
					"JucePlugin_AAXManufacturerCode=JucePlugin_ManufacturerCode",
					"JucePlugin_AAXProductId=JucePlugin_PluginCode",
					"JucePlugin_AAXCategory=0",
					"JucePlugin_AAXDisableBypass=0",
					"JucePlugin_AAXDisableMultiMono=0",
					"JucePlugin_IAAType=0x61757278",
					"JucePlugin_IAASubType=JucePlugin_PluginCode",
					"JucePlugin_IAAName=\\\"yourcompany:\\ ModularVST\\\"",
					"JucePlugin_VSTNumMidiInputs=16",
					"JucePlugin_VSTNumMidiOutputs=16",
					"JUCE_STANDALONE_APPLICATION=JucePlugin_Build_Standalone",
					"JUCER_XCODE_MAC_F6D2F4CF=1",
					"JUCE_APP_VERSION=1.0.0",
					"JUCE_APP_VERSION_HEX=0x10000",
				);
				GCC_VERSION = com.apple.compilers.llvm.clang.1_0;
				GENERATE_PKGINFO_FILE = YES;
				HEADER_SEARCH_PATHS = (
					"$(SRCROOT)/../../JuceLibraryCode",
					"/Users/SilvinW/repositories/newJUCE/JUCE/modules",
					"/Users/SilvinW/repositories/newJUCE/JUCE/modules/juce_audio_plugin_client",
					"$(inherited)",
				);
				INFOPLIST_FILE = Info-AU.plist;
				INFOPLIST_PREPROCESS = NO;
				INSTALL_PATH = "$(HOME)/Library/Audio/Plug-Ins/Components/";
				LIBRARY_STYLE = Bundle;
				LLVM_LTO = YES;
				MACOSX_DEPLOYMENT_TARGET = 10.11;
				MTL_HEADER_SEARCH_PATHS = "$(SRCROOT)/../../JuceLibraryCode /Users/SilvinW/repositories/newJUCE/JUCE/modules /Users/SilvinW/repositories/newJUCE/JUCE/modules/juce_audio_plugin_client";
				OTHER_LDFLAGS = "-bundle -lModularVST";
				OTHER_REZFLAGS = "-d ppc_$ppc -d i386_$i386 -d ppc64_$ppc64 -d x86_64_$x86_64 -I /System/Library/Frameworks/CoreServices.framework/Frameworks/CarbonCore.framework/Versions/A/Headers -I \"$(DEVELOPER_DIR)/Extras/CoreAudio/AudioUnits/AUPublic/AUBase\" -I \"$(DEVELOPER_DIR)/Platforms/MacOSX.platform/Developer/SDKs/MacOSX.sdk/System/Library/Frameworks/AudioUnit.framework/Headers\"";
				PRODUCT_BUNDLE_IDENTIFIER = com.yourcompany.ModularVST;
				PRODUCT_NAME = "ModularVST";
				USE_HEADERMAP = NO;
				VALID_ARCHS = "i386 x86_64 arm64 arm64e";
				WRAPPER_EXTENSION = component;
			};
			name = Release;
		};
		F73724994FFCECDFB817D55B /* Debug */ = {
			isa = XCBuildConfiguration;
			buildSettings = {
				CLANG_CXX_LANGUAGE_STANDARD = "c++14";
				CLANG_CXX_LIBRARY = "libc++";
				CLANG_LINK_OBJC_RUNTIME = NO;
				CODE_SIGN_IDENTITY = "";
				COMBINE_HIDPI_IMAGES = YES;
				CONFIGURATION_BUILD_DIR = "$(PROJECT_DIR)/build/$(CONFIGURATION)";
				COPY_PHASE_STRIP = NO;
				GCC_DYNAMIC_NO_PIC = NO;
				GCC_OPTIMIZATION_LEVEL = 0;
				GCC_PREPROCESSOR_DEFINITIONS = (
					"_DEBUG=1",
					"DEBUG=1",
					"JUCE_DISPLAY_SPLASH_SCREEN=1",
					"JUCE_USE_DARK_SPLASH_SCREEN=1",
					"JUCE_PROJUCER_VERSION=0x60008",
					"JUCE_MODULE_AVAILABLE_juce_audio_basics=1",
					"JUCE_MODULE_AVAILABLE_juce_audio_devices=1",
					"JUCE_MODULE_AVAILABLE_juce_audio_formats=1",
					"JUCE_MODULE_AVAILABLE_juce_audio_plugin_client=1",
					"JUCE_MODULE_AVAILABLE_juce_audio_processors=1",
					"JUCE_MODULE_AVAILABLE_juce_audio_utils=1",
					"JUCE_MODULE_AVAILABLE_juce_core=1",
					"JUCE_MODULE_AVAILABLE_juce_data_structures=1",
					"JUCE_MODULE_AVAILABLE_juce_events=1",
					"JUCE_MODULE_AVAILABLE_juce_graphics=1",
					"JUCE_MODULE_AVAILABLE_juce_gui_basics=1",
					"JUCE_MODULE_AVAILABLE_juce_gui_extra=1",
					"JUCE_GLOBAL_MODULE_SETTINGS_INCLUDED=1",
					"JUCE_VST3_CAN_REPLACE_VST2=0",
					"JUCE_STRICT_REFCOUNTEDPOINTER=1",
					"JucePlugin_Build_VST=0",
					"JucePlugin_Build_VST3=0",
					"JucePlugin_Build_AU=1",
					"JucePlugin_Build_AUv3=0",
					"JucePlugin_Build_RTAS=0",
					"JucePlugin_Build_AAX=0",
					"JucePlugin_Build_Standalone=1",
					"JucePlugin_Build_Unity=1",
					"JucePlugin_Enable_IAA=0",
					"JucePlugin_Name=\\\"ModularVST\\\"",
					"JucePlugin_Desc=\\\"ModularVST\\\"",
					"JucePlugin_Manufacturer=\\\"yourcompany\\\"",
					"JucePlugin_ManufacturerWebsite=\\\"\\\"",
					"JucePlugin_ManufacturerEmail=\\\"\\\"",
					"JucePlugin_ManufacturerCode=0x4d616e75",
					"JucePlugin_PluginCode=0x4d6e6d65",
					"JucePlugin_IsSynth=0",
					"JucePlugin_WantsMidiInput=0",
					"JucePlugin_ProducesMidiOutput=0",
					"JucePlugin_IsMidiEffect=0",
					"JucePlugin_EditorRequiresKeyboardFocus=0",
					"JucePlugin_Version=1.0.0",
					"JucePlugin_VersionCode=0x10000",
					"JucePlugin_VersionString=\\\"1.0.0\\\"",
					"JucePlugin_VSTUniqueID=JucePlugin_PluginCode",
					"JucePlugin_VSTCategory=kPlugCategEffect",
					"JucePlugin_Vst3Category=\\\"Fx\\\"",
					"JucePlugin_AUMainType='aufx'",
					"JucePlugin_AUSubType=JucePlugin_PluginCode",
					"JucePlugin_AUExportPrefix=ModularVSTAU",
					"JucePlugin_AUExportPrefixQuoted=\\\"ModularVSTAU\\\"",
					"JucePlugin_AUManufacturerCode=JucePlugin_ManufacturerCode",
					"JucePlugin_CFBundleIdentifier=com.yourcompany.ModularVST",
					"JucePlugin_RTASCategory=0",
					"JucePlugin_RTASManufacturerCode=JucePlugin_ManufacturerCode",
					"JucePlugin_RTASProductId=JucePlugin_PluginCode",
					"JucePlugin_RTASDisableBypass=0",
					"JucePlugin_RTASDisableMultiMono=0",
					"JucePlugin_AAXIdentifier=com.yourcompany.ModularVST",
					"JucePlugin_AAXManufacturerCode=JucePlugin_ManufacturerCode",
					"JucePlugin_AAXProductId=JucePlugin_PluginCode",
					"JucePlugin_AAXCategory=0",
					"JucePlugin_AAXDisableBypass=0",
					"JucePlugin_AAXDisableMultiMono=0",
					"JucePlugin_IAAType=0x61757278",
					"JucePlugin_IAASubType=JucePlugin_PluginCode",
					"JucePlugin_IAAName=\\\"yourcompany:\\ ModularVST\\\"",
					"JucePlugin_VSTNumMidiInputs=16",
					"JucePlugin_VSTNumMidiOutputs=16",
					"JUCE_STANDALONE_APPLICATION=JucePlugin_Build_Standalone",
					"JUCER_XCODE_MAC_F6D2F4CF=1",
					"JUCE_APP_VERSION=1.0.0",
					"JUCE_APP_VERSION_HEX=0x10000",
					"JUCE_SHARED_CODE=1",
				);
				GCC_VERSION = com.apple.compilers.llvm.clang.1_0;
				HEADER_SEARCH_PATHS = (
					"$(SRCROOT)/../../JuceLibraryCode",
					"/Users/SilvinW/repositories/newJUCE/JUCE/modules",
					"/Users/SilvinW/repositories/newJUCE/JUCE/modules/juce_audio_plugin_client",
					"$(inherited)",
				);
				INSTALL_PATH = "@executable_path/../Frameworks";
				MACOSX_DEPLOYMENT_TARGET = 10.11;
				MTL_HEADER_SEARCH_PATHS = "$(SRCROOT)/../../JuceLibraryCode /Users/SilvinW/repositories/newJUCE/JUCE/modules /Users/SilvinW/repositories/newJUCE/JUCE/modules/juce_audio_plugin_client";
				PRODUCT_BUNDLE_IDENTIFIER = com.yourcompany.ModularVST;
				PRODUCT_NAME = "ModularVST";
				SKIP_INSTALL = YES;
				USE_HEADERMAP = NO;
				VALID_ARCHS = "i386 x86_64 arm64 arm64e";
			};
			name = Debug;
		};
/* End XCBuildConfiguration section */

/* Begin XCConfigurationList section */
		23734B12A0CCD97010E83732 = {
			isa = XCConfigurationList;
			buildConfigurations = (
				F73724994FFCECDFB817D55B,
				889A37D101A4E16527838C02,
			);
			defaultConfigurationIsVisible = 0;
			defaultConfigurationName = Debug;
		};
		293423A382122DBDF9092B64 = {
			isa = XCConfigurationList;
			buildConfigurations = (
				85B492DCCC8FB951D505D02F,
				AE50789DAFC036FA10C2B48B,
			);
			defaultConfigurationIsVisible = 0;
			defaultConfigurationName = Debug;
		};
		528E82E71382ABD1FFAC0EBF = {
			isa = XCConfigurationList;
			buildConfigurations = (
				B568A67291F072840391DE5A,
				E514C9532C0089E50654D837,
			);
			defaultConfigurationIsVisible = 0;
			defaultConfigurationName = Debug;
		};
		6B5F3E6AD5578700573DF54E = {
			isa = XCConfigurationList;
			buildConfigurations = (
				4BB1AAAAA047597CB528C1B0,
				8E244DC4D3BE1525B46C2193,
			);
			defaultConfigurationIsVisible = 0;
			defaultConfigurationName = Debug;
		};
		C626994B65881CFD62737515 = {
			isa = XCConfigurationList;
			buildConfigurations = (
				DF5286EEFF8FCE0C1EEFA137,
				9C9569ADF2527FC3F7DB1383,
			);
			defaultConfigurationIsVisible = 0;
			defaultConfigurationName = Debug;
		};
		CA58B3AA093A5627F4F2F9F7 = {
			isa = XCConfigurationList;
			buildConfigurations = (
				C5F6A4A768B22325C05B7E8A,
				B0E28C2AEB9A64867B9A965A,
			);
			defaultConfigurationIsVisible = 0;
			defaultConfigurationName = Debug;
		};
/* End XCConfigurationList section */
	};
	rootObject = EC75BDAE19208F833E3FEDE6 /* Project object */;
}
